// !$*UTF8*$!
{
	archiveVersion = 1;
	classes = {
	};
	objectVersion = 46;
	objects = {

/* Begin PBXBuildFile section */
		113F95CA1854032800E6947D /* MobileCoreServices.framework in Frameworks */ = {isa = PBXBuildFile; fileRef = 113F95C91854032800E6947D /* MobileCoreServices.framework */; };
		3D4D62864BF741058B88FF74 /* libPods.a in Frameworks */ = {isa = PBXBuildFile; fileRef = C9FB0C6BD24F4454B35EAB1F /* libPods.a */; };
		3F0D54F2185AF667005841A6 /* TencentOpenAPI.framework in Frameworks */ = {isa = PBXBuildFile; fileRef = 3F0D54EF185AF667005841A6 /* TencentOpenAPI.framework */; };
		3F0D54F3185AF667005841A6 /* TencentOpenApi_IOS_Bundle.bundle in Resources */ = {isa = PBXBuildFile; fileRef = 3F0D54F0185AF667005841A6 /* TencentOpenApi_IOS_Bundle.bundle */; };
		3F0D54F5185AF957005841A6 /* Security.framework in Frameworks */ = {isa = PBXBuildFile; fileRef = 3F0D54F4185AF957005841A6 /* Security.framework */; };
		3F0D54F7185AF974005841A6 /* libiconv.dylib in Frameworks */ = {isa = PBXBuildFile; fileRef = 3F0D54F6185AF974005841A6 /* libiconv.dylib */; };
		3F0D54F9185AF996005841A6 /* SystemConfiguration.framework in Frameworks */ = {isa = PBXBuildFile; fileRef = 3F0D54F8185AF996005841A6 /* SystemConfiguration.framework */; };
		3F0D54FB185AF9B1005841A6 /* libsqlite3.dylib in Frameworks */ = {isa = PBXBuildFile; fileRef = 3F0D54FA185AF9B1005841A6 /* libsqlite3.dylib */; };
		3F0D54FD185AF9BF005841A6 /* CoreTelephony.framework in Frameworks */ = {isa = PBXBuildFile; fileRef = 3F0D54FC185AF9BF005841A6 /* CoreTelephony.framework */; };
		3F0D54FF185AF9D3005841A6 /* libstdc++.dylib in Frameworks */ = {isa = PBXBuildFile; fileRef = 3F0D54FE185AF9D3005841A6 /* libstdc++.dylib */; };
		3F0D5501185AF9DD005841A6 /* libz.dylib in Frameworks */ = {isa = PBXBuildFile; fileRef = 3F0D5500185AF9DD005841A6 /* libz.dylib */; };
		3F0D5502185AFA0F005841A6 /* TencentOpenAPI.framework in Sources */ = {isa = PBXBuildFile; fileRef = 3F0D54EF185AF667005841A6 /* TencentOpenAPI.framework */; };
		3F0D5503185AFA14005841A6 /* TencentOpenApi_IOS_Bundle.bundle in Sources */ = {isa = PBXBuildFile; fileRef = 3F0D54F0185AF667005841A6 /* TencentOpenApi_IOS_Bundle.bundle */; };
		3F6F9D6218580DB700FDF258 /* settings-25.png in Resources */ = {isa = PBXBuildFile; fileRef = 3F6F9D6118580DB700FDF258 /* settings-25.png */; };
		3F6F9D6618580F4500FDF258 /* border_color-25.png in Resources */ = {isa = PBXBuildFile; fileRef = 3F6F9D6518580F4500FDF258 /* border_color-25.png */; };
		3F6F9D681858106800FDF258 /* construction_worker-25.png in Resources */ = {isa = PBXBuildFile; fileRef = 3F6F9D671858106800FDF258 /* construction_worker-25.png */; };
		3F6F9D6A185814AF00FDF258 /* street_view-25.png in Resources */ = {isa = PBXBuildFile; fileRef = 3F6F9D69185814AF00FDF258 /* street_view-25.png */; };
		3F6F9D6C1858161200FDF258 /* log_cabine-25.png in Resources */ = {isa = PBXBuildFile; fileRef = 3F6F9D6B1858161200FDF258 /* log_cabine-25.png */; };
		3F6F9D6E1858169B00FDF258 /* map_marker-25.png in Resources */ = {isa = PBXBuildFile; fileRef = 3F6F9D6D1858169B00FDF258 /* map_marker-25.png */; };
		3F6F9D701858171F00FDF258 /* ball_point_pen-25.png in Resources */ = {isa = PBXBuildFile; fileRef = 3F6F9D6F1858171F00FDF258 /* ball_point_pen-25.png */; };
		3F6F9D74185845CA00FDF258 /* SettingViewController.m in Sources */ = {isa = PBXBuildFile; fileRef = 3F6F9D73185845CA00FDF258 /* SettingViewController.m */; };
		3F6F9D771858631500FDF258 /* SearchView.m in Sources */ = {isa = PBXBuildFile; fileRef = 3F6F9D761858631500FDF258 /* SearchView.m */; };
		3F6F9D7B18587A4600FDF258 /* SearchIcon.png in Resources */ = {isa = PBXBuildFile; fileRef = 3F6F9D7A18587A4600FDF258 /* SearchIcon.png */; };
		3FA6493F185999E90099D32B /* arrowDown.png in Resources */ = {isa = PBXBuildFile; fileRef = 3FA64938185999E90099D32B /* arrowDown.png */; };
		3FA64940185999E90099D32B /* arrowDown@2x.png in Resources */ = {isa = PBXBuildFile; fileRef = 3FA64939185999E90099D32B /* arrowDown@2x.png */; };
		3FA64941185999E90099D32B /* arrowUp.png in Resources */ = {isa = PBXBuildFile; fileRef = 3FA6493A185999E90099D32B /* arrowUp.png */; };
		3FA64942185999E90099D32B /* arrowUp@2x.png in Resources */ = {isa = PBXBuildFile; fileRef = 3FA6493B185999E90099D32B /* arrowUp@2x.png */; };
		3FA64943185999E90099D32B /* blueArrow.png in Resources */ = {isa = PBXBuildFile; fileRef = 3FA6493C185999E90099D32B /* blueArrow.png */; };
		3FA64944185999E90099D32B /* PullingRefreshTableView.m in Sources */ = {isa = PBXBuildFile; fileRef = 3FA6493E185999E90099D32B /* PullingRefreshTableView.m */; };
		3FEE698C185AD3350084189B /* login_logo.png in Resources */ = {isa = PBXBuildFile; fileRef = 3FEE698B185AD3350084189B /* login_logo.png */; };
		3FEE6991185AD6470084189B /* libWeiboSDK.a in Frameworks */ = {isa = PBXBuildFile; fileRef = 3FEE698E185AD6470084189B /* libWeiboSDK.a */; };
		3FEE6992185AD6470084189B /* WeiboSDK.bundle in Resources */ = {isa = PBXBuildFile; fileRef = 3FEE698F185AD6470084189B /* WeiboSDK.bundle */; };
		9D66ABAC184ECD6B00C03098 /* ResumeViewController.m in Sources */ = {isa = PBXBuildFile; fileRef = 9D66ABAB184ECD6B00C03098 /* ResumeViewController.m */; };
		9D66ABAF184ED9A500C03098 /* PersonMessageViewController.m in Sources */ = {isa = PBXBuildFile; fileRef = 9D66ABAE184ED9A500C03098 /* PersonMessageViewController.m */; };
		9D66ABB2184EF0C000C03098 /* PersonMessageCustomCell.m in Sources */ = {isa = PBXBuildFile; fileRef = 9D66ABB1184EF0C000C03098 /* PersonMessageCustomCell.m */; };
		9D66ABB8184F0A3B00C03098 /* WorkTableViewController.m in Sources */ = {isa = PBXBuildFile; fileRef = 9D66ABB7184F0A3B00C03098 /* WorkTableViewController.m */; };
		9D66ABBB184F0CEB00C03098 /* WorkCustomCell.m in Sources */ = {isa = PBXBuildFile; fileRef = 9D66ABBA184F0CEB00C03098 /* WorkCustomCell.m */; };
		9D66ABC1184F220900C03098 /* EditDiplomaTableViewController.m in Sources */ = {isa = PBXBuildFile; fileRef = 9D66ABC0184F220900C03098 /* EditDiplomaTableViewController.m */; };
		9D7EF5AF184DB0E600182DB2 /* CustomCell.m in Sources */ = {isa = PBXBuildFile; fileRef = 9D7EF5AE184DB0E600182DB2 /* CustomCell.m */; };
		9D7EF5B2184DCC1A00182DB2 /* history_list_bg.png in Resources */ = {isa = PBXBuildFile; fileRef = 9D7EF5B1184DCC1A00182DB2 /* history_list_bg.png */; };
		9D9D85AF184DCEBB0015CD71 /* History_bg.png in Resources */ = {isa = PBXBuildFile; fileRef = 9D9D85AE184DCEBB0015CD71 /* History_bg.png */; };
		9D9D85DF184DD3570015CD71 /* DataModel.m in Sources */ = {isa = PBXBuildFile; fileRef = 9D9D85DE184DD3570015CD71 /* DataModel.m */; };
		9D9D85E2184DD3A20015CD71 /* HttpRequest.m in Sources */ = {isa = PBXBuildFile; fileRef = 9D9D85E1184DD3A20015CD71 /* HttpRequest.m */; };
		9D9D85E4184DD4440015CD71 /* CFNetwork.framework in Frameworks */ = {isa = PBXBuildFile; fileRef = 9D9D85E3184DD4440015CD71 /* CFNetwork.framework */; };
		9DA9EAE6184DABFA00EF35A5 /* Foundation.framework in Frameworks */ = {isa = PBXBuildFile; fileRef = 9DA9EAE5184DABFA00EF35A5 /* Foundation.framework */; };
		9DA9EAE8184DABFA00EF35A5 /* CoreGraphics.framework in Frameworks */ = {isa = PBXBuildFile; fileRef = 9DA9EAE7184DABFA00EF35A5 /* CoreGraphics.framework */; };
		9DA9EAEA184DABFA00EF35A5 /* UIKit.framework in Frameworks */ = {isa = PBXBuildFile; fileRef = 9DA9EAE9184DABFA00EF35A5 /* UIKit.framework */; };
		9DA9EAF0184DABFA00EF35A5 /* InfoPlist.strings in Resources */ = {isa = PBXBuildFile; fileRef = 9DA9EAEE184DABFA00EF35A5 /* InfoPlist.strings */; };
		9DA9EAF2184DABFA00EF35A5 /* main.m in Sources */ = {isa = PBXBuildFile; fileRef = 9DA9EAF1184DABFA00EF35A5 /* main.m */; };
		9DA9EAF6184DABFA00EF35A5 /* AppDelegate.m in Sources */ = {isa = PBXBuildFile; fileRef = 9DA9EAF5184DABFA00EF35A5 /* AppDelegate.m */; };
		9DA9EAF9184DABFA00EF35A5 /* Main.storyboard in Resources */ = {isa = PBXBuildFile; fileRef = 9DA9EAF7184DABFA00EF35A5 /* Main.storyboard */; };
		9DA9EAFC184DABFA00EF35A5 /* ViewController.m in Sources */ = {isa = PBXBuildFile; fileRef = 9DA9EAFB184DABFA00EF35A5 /* ViewController.m */; };
		9DA9EAFE184DABFA00EF35A5 /* Images.xcassets in Resources */ = {isa = PBXBuildFile; fileRef = 9DA9EAFD184DABFA00EF35A5 /* Images.xcassets */; };
		9DA9EB05184DABFA00EF35A5 /* XCTest.framework in Frameworks */ = {isa = PBXBuildFile; fileRef = 9DA9EB04184DABFA00EF35A5 /* XCTest.framework */; };
		9DA9EB06184DABFA00EF35A5 /* Foundation.framework in Frameworks */ = {isa = PBXBuildFile; fileRef = 9DA9EAE5184DABFA00EF35A5 /* Foundation.framework */; };
		9DA9EB07184DABFA00EF35A5 /* UIKit.framework in Frameworks */ = {isa = PBXBuildFile; fileRef = 9DA9EAE9184DABFA00EF35A5 /* UIKit.framework */; };
		9DA9EB0F184DABFA00EF35A5 /* InfoPlist.strings in Resources */ = {isa = PBXBuildFile; fileRef = 9DA9EB0D184DABFA00EF35A5 /* InfoPlist.strings */; };
		9DA9EB11184DABFA00EF35A5 /* jobTests.m in Sources */ = {isa = PBXBuildFile; fileRef = 9DA9EB10184DABFA00EF35A5 /* jobTests.m */; };
		9DAA60F81856C187002FDF1C /* next_bg.png in Resources */ = {isa = PBXBuildFile; fileRef = 9DAA60F21856C187002FDF1C /* next_bg.png */; };
		9DAA60F91856C187002FDF1C /* home_navigationbutton_normal.png in Resources */ = {isa = PBXBuildFile; fileRef = 9DAA60F31856C187002FDF1C /* home_navigationbutton_normal.png */; };
		9DAA60FA1856C187002FDF1C /* previous_bg.png in Resources */ = {isa = PBXBuildFile; fileRef = 9DAA60F41856C187002FDF1C /* previous_bg.png */; };
		9DAA60FB1856C187002FDF1C /* previous.png in Resources */ = {isa = PBXBuildFile; fileRef = 9DAA60F51856C187002FDF1C /* previous.png */; };
		9DAA60FC1856C187002FDF1C /* home_finished.png in Resources */ = {isa = PBXBuildFile; fileRef = 9DAA60F61856C187002FDF1C /* home_finished.png */; };
		9DAA60FD1856C187002FDF1C /* next.png in Resources */ = {isa = PBXBuildFile; fileRef = 9DAA60F71856C187002FDF1C /* next.png */; };
		9DAA61011857190D002FDF1C /* JoinViewController.m in Sources */ = {isa = PBXBuildFile; fileRef = 9DAA61001857190D002FDF1C /* JoinViewController.m */; };
		9DAA6104185719E1002FDF1C /* JoinCustomCell.m in Sources */ = {isa = PBXBuildFile; fileRef = 9DAA6103185719E1002FDF1C /* JoinCustomCell.m */; };
		9DAD589A1855C5AE00F0A2B2 /* EditWorkViewController.m in Sources */ = {isa = PBXBuildFile; fileRef = 9DAD58991855C5AE00F0A2B2 /* EditWorkViewController.m */; };
		9DD5657818501A61007939BA /* datepicker_bg.png in Resources */ = {isa = PBXBuildFile; fileRef = 9DD5657618501A61007939BA /* datepicker_bg.png */; };
		9DD5657918501A61007939BA /* datepicker_bg@2x.png in Resources */ = {isa = PBXBuildFile; fileRef = 9DD5657718501A61007939BA /* datepicker_bg@2x.png */; };
		9DD5657C18501C4D007939BA /* InputViewController.m in Sources */ = {isa = PBXBuildFile; fileRef = 9DD5657B18501C4D007939BA /* InputViewController.m */; };
		9DD5657E18503530007939BA /* 58.png in Resources */ = {isa = PBXBuildFile; fileRef = 9DD5657D18503530007939BA /* 58.png */; };
		9DD56580185035F1007939BA /* 58@2x.png in Resources */ = {isa = PBXBuildFile; fileRef = 9DD5657F185035F1007939BA /* 58@2x.png */; };
		9DD5658318504BA1007939BA /* Tools.m in Sources */ = {isa = PBXBuildFile; fileRef = 9DD5658218504BA1007939BA /* Tools.m */; };
		9DD5658718504C52007939BA /* JobFont.m in Sources */ = {isa = PBXBuildFile; fileRef = 9DD5658618504C52007939BA /* JobFont.m */; };
		9DD5658B1850785B007939BA /* loginViewController.m in Sources */ = {isa = PBXBuildFile; fileRef = 9DD5658A1850785B007939BA /* loginViewController.m */; };
		9DD5658D18508AD2007939BA /* btn_close_normal@2x.png in Resources */ = {isa = PBXBuildFile; fileRef = 9DD5658C18508AD2007939BA /* btn_close_normal@2x.png */; };
		9DFC874A185166C700997414 /* registerView.m in Sources */ = {isa = PBXBuildFile; fileRef = 9DFC8749185166C700997414 /* registerView.m */; };
		9DFC874C1851A8BB00997414 /* wealink.jpg in Resources */ = {isa = PBXBuildFile; fileRef = 9DFC874B1851A8BB00997414 /* wealink.jpg */; };
		9DFC874E1851A8C000997414 /* lagou.jpg in Resources */ = {isa = PBXBuildFile; fileRef = 9DFC874D1851A8C000997414 /* lagou.jpg */; };
/* End PBXBuildFile section */

/* Begin PBXContainerItemProxy section */
		9DA9EB08184DABFA00EF35A5 /* PBXContainerItemProxy */ = {
			isa = PBXContainerItemProxy;
			containerPortal = 9DA9EADA184DABFA00EF35A5 /* Project object */;
			proxyType = 1;
			remoteGlobalIDString = 9DA9EAE1184DABFA00EF35A5;
			remoteInfo = job;
		};
/* End PBXContainerItemProxy section */

/* Begin PBXFileReference section */
		01DD6B97EB5F403EA03E86D8 /* Pods.xcconfig */ = {isa = PBXFileReference; includeInIndex = 1; lastKnownFileType = text.xcconfig; name = Pods.xcconfig; path = Pods/Pods.xcconfig; sourceTree = "<group>"; };
		113F95C91854032800E6947D /* MobileCoreServices.framework */ = {isa = PBXFileReference; lastKnownFileType = wrapper.framework; name = MobileCoreServices.framework; path = System/Library/Frameworks/MobileCoreServices.framework; sourceTree = SDKROOT; };
		3F0D54EF185AF667005841A6 /* TencentOpenAPI.framework */ = {isa = PBXFileReference; lastKnownFileType = wrapper.framework; path = TencentOpenAPI.framework; sourceTree = "<group>"; };
		3F0D54F0185AF667005841A6 /* TencentOpenApi_IOS_Bundle.bundle */ = {isa = PBXFileReference; lastKnownFileType = "wrapper.plug-in"; path = TencentOpenApi_IOS_Bundle.bundle; sourceTree = "<group>"; };
		3F0D54F4185AF957005841A6 /* Security.framework */ = {isa = PBXFileReference; lastKnownFileType = wrapper.framework; name = Security.framework; path = System/Library/Frameworks/Security.framework; sourceTree = SDKROOT; };
		3F0D54F6185AF974005841A6 /* libiconv.dylib */ = {isa = PBXFileReference; lastKnownFileType = "compiled.mach-o.dylib"; name = libiconv.dylib; path = usr/lib/libiconv.dylib; sourceTree = SDKROOT; };
		3F0D54F8185AF996005841A6 /* SystemConfiguration.framework */ = {isa = PBXFileReference; lastKnownFileType = wrapper.framework; name = SystemConfiguration.framework; path = System/Library/Frameworks/SystemConfiguration.framework; sourceTree = SDKROOT; };
		3F0D54FA185AF9B1005841A6 /* libsqlite3.dylib */ = {isa = PBXFileReference; lastKnownFileType = "compiled.mach-o.dylib"; name = libsqlite3.dylib; path = usr/lib/libsqlite3.dylib; sourceTree = SDKROOT; };
		3F0D54FC185AF9BF005841A6 /* CoreTelephony.framework */ = {isa = PBXFileReference; lastKnownFileType = wrapper.framework; name = CoreTelephony.framework; path = System/Library/Frameworks/CoreTelephony.framework; sourceTree = SDKROOT; };
		3F0D54FE185AF9D3005841A6 /* libstdc++.dylib */ = {isa = PBXFileReference; lastKnownFileType = "compiled.mach-o.dylib"; name = "libstdc++.dylib"; path = "usr/lib/libstdc++.dylib"; sourceTree = SDKROOT; };
		3F0D5500185AF9DD005841A6 /* libz.dylib */ = {isa = PBXFileReference; lastKnownFileType = "compiled.mach-o.dylib"; name = libz.dylib; path = usr/lib/libz.dylib; sourceTree = SDKROOT; };
		3F6F9D6118580DB700FDF258 /* settings-25.png */ = {isa = PBXFileReference; lastKnownFileType = image.png; path = "settings-25.png"; sourceTree = "<group>"; };
		3F6F9D6518580F4500FDF258 /* border_color-25.png */ = {isa = PBXFileReference; lastKnownFileType = image.png; path = "border_color-25.png"; sourceTree = "<group>"; };
		3F6F9D671858106800FDF258 /* construction_worker-25.png */ = {isa = PBXFileReference; lastKnownFileType = image.png; path = "construction_worker-25.png"; sourceTree = "<group>"; };
		3F6F9D69185814AF00FDF258 /* street_view-25.png */ = {isa = PBXFileReference; lastKnownFileType = image.png; path = "street_view-25.png"; sourceTree = "<group>"; };
		3F6F9D6B1858161200FDF258 /* log_cabine-25.png */ = {isa = PBXFileReference; lastKnownFileType = image.png; path = "log_cabine-25.png"; sourceTree = "<group>"; };
		3F6F9D6D1858169B00FDF258 /* map_marker-25.png */ = {isa = PBXFileReference; lastKnownFileType = image.png; path = "map_marker-25.png"; sourceTree = "<group>"; };
		3F6F9D6F1858171F00FDF258 /* ball_point_pen-25.png */ = {isa = PBXFileReference; lastKnownFileType = image.png; path = "ball_point_pen-25.png"; sourceTree = "<group>"; };
		3F6F9D72185845CA00FDF258 /* SettingViewController.h */ = {isa = PBXFileReference; fileEncoding = 4; lastKnownFileType = sourcecode.c.h; path = SettingViewController.h; sourceTree = "<group>"; };
		3F6F9D73185845CA00FDF258 /* SettingViewController.m */ = {isa = PBXFileReference; fileEncoding = 4; lastKnownFileType = sourcecode.c.objc; path = SettingViewController.m; sourceTree = "<group>"; };
		3F6F9D751858631500FDF258 /* SearchView.h */ = {isa = PBXFileReference; fileEncoding = 4; lastKnownFileType = sourcecode.c.h; path = SearchView.h; sourceTree = "<group>"; };
		3F6F9D761858631500FDF258 /* SearchView.m */ = {isa = PBXFileReference; fileEncoding = 4; lastKnownFileType = sourcecode.c.objc; path = SearchView.m; sourceTree = "<group>"; };
		3F6F9D7A18587A4600FDF258 /* SearchIcon.png */ = {isa = PBXFileReference; lastKnownFileType = image.png; path = SearchIcon.png; sourceTree = "<group>"; };
		3FA64938185999E90099D32B /* arrowDown.png */ = {isa = PBXFileReference; lastKnownFileType = image.png; path = arrowDown.png; sourceTree = "<group>"; };
		3FA64939185999E90099D32B /* arrowDown@2x.png */ = {isa = PBXFileReference; lastKnownFileType = image.png; path = "arrowDown@2x.png"; sourceTree = "<group>"; };
		3FA6493A185999E90099D32B /* arrowUp.png */ = {isa = PBXFileReference; lastKnownFileType = image.png; path = arrowUp.png; sourceTree = "<group>"; };
		3FA6493B185999E90099D32B /* arrowUp@2x.png */ = {isa = PBXFileReference; lastKnownFileType = image.png; path = "arrowUp@2x.png"; sourceTree = "<group>"; };
		3FA6493C185999E90099D32B /* blueArrow.png */ = {isa = PBXFileReference; lastKnownFileType = image.png; path = blueArrow.png; sourceTree = "<group>"; };
		3FA6493D185999E90099D32B /* PullingRefreshTableView.h */ = {isa = PBXFileReference; fileEncoding = 4; lastKnownFileType = sourcecode.c.h; path = PullingRefreshTableView.h; sourceTree = "<group>"; };
		3FA6493E185999E90099D32B /* PullingRefreshTableView.m */ = {isa = PBXFileReference; fileEncoding = 4; lastKnownFileType = sourcecode.c.objc; path = PullingRefreshTableView.m; sourceTree = "<group>"; };
		3FEE698B185AD3350084189B /* login_logo.png */ = {isa = PBXFileReference; lastKnownFileType = image.png; path = login_logo.png; sourceTree = "<group>"; };
		3FEE698E185AD6470084189B /* libWeiboSDK.a */ = {isa = PBXFileReference; lastKnownFileType = archive.ar; path = libWeiboSDK.a; sourceTree = "<group>"; };
		3FEE698F185AD6470084189B /* WeiboSDK.bundle */ = {isa = PBXFileReference; lastKnownFileType = "wrapper.plug-in"; path = WeiboSDK.bundle; sourceTree = "<group>"; };
		3FEE6990185AD6470084189B /* WeiboSDK.h */ = {isa = PBXFileReference; fileEncoding = 4; lastKnownFileType = sourcecode.c.h; path = WeiboSDK.h; sourceTree = "<group>"; };
		9D66ABAA184ECD6B00C03098 /* ResumeViewController.h */ = {isa = PBXFileReference; fileEncoding = 4; lastKnownFileType = sourcecode.c.h; path = ResumeViewController.h; sourceTree = "<group>"; };
		9D66ABAB184ECD6B00C03098 /* ResumeViewController.m */ = {isa = PBXFileReference; fileEncoding = 4; lastKnownFileType = sourcecode.c.objc; path = ResumeViewController.m; sourceTree = "<group>"; };
		9D66ABAD184ED9A500C03098 /* PersonMessageViewController.h */ = {isa = PBXFileReference; fileEncoding = 4; lastKnownFileType = sourcecode.c.h; path = PersonMessageViewController.h; sourceTree = "<group>"; };
		9D66ABAE184ED9A500C03098 /* PersonMessageViewController.m */ = {isa = PBXFileReference; fileEncoding = 4; lastKnownFileType = sourcecode.c.objc; path = PersonMessageViewController.m; sourceTree = "<group>"; };
		9D66ABB0184EF0C000C03098 /* PersonMessageCustomCell.h */ = {isa = PBXFileReference; fileEncoding = 4; lastKnownFileType = sourcecode.c.h; path = PersonMessageCustomCell.h; sourceTree = "<group>"; };
		9D66ABB1184EF0C000C03098 /* PersonMessageCustomCell.m */ = {isa = PBXFileReference; fileEncoding = 4; lastKnownFileType = sourcecode.c.objc; path = PersonMessageCustomCell.m; sourceTree = "<group>"; };
		9D66ABB6184F0A3B00C03098 /* WorkTableViewController.h */ = {isa = PBXFileReference; fileEncoding = 4; lastKnownFileType = sourcecode.c.h; path = WorkTableViewController.h; sourceTree = "<group>"; };
		9D66ABB7184F0A3B00C03098 /* WorkTableViewController.m */ = {isa = PBXFileReference; fileEncoding = 4; lastKnownFileType = sourcecode.c.objc; path = WorkTableViewController.m; sourceTree = "<group>"; };
		9D66ABB9184F0CEB00C03098 /* WorkCustomCell.h */ = {isa = PBXFileReference; fileEncoding = 4; lastKnownFileType = sourcecode.c.h; path = WorkCustomCell.h; sourceTree = "<group>"; };
		9D66ABBA184F0CEB00C03098 /* WorkCustomCell.m */ = {isa = PBXFileReference; fileEncoding = 4; lastKnownFileType = sourcecode.c.objc; path = WorkCustomCell.m; sourceTree = "<group>"; };
		9D66ABBF184F220900C03098 /* EditDiplomaTableViewController.h */ = {isa = PBXFileReference; fileEncoding = 4; lastKnownFileType = sourcecode.c.h; path = EditDiplomaTableViewController.h; sourceTree = "<group>"; };
		9D66ABC0184F220900C03098 /* EditDiplomaTableViewController.m */ = {isa = PBXFileReference; fileEncoding = 4; lastKnownFileType = sourcecode.c.objc; path = EditDiplomaTableViewController.m; sourceTree = "<group>"; };
		9D7EF5AD184DB0E600182DB2 /* CustomCell.h */ = {isa = PBXFileReference; fileEncoding = 4; lastKnownFileType = sourcecode.c.h; path = CustomCell.h; sourceTree = "<group>"; };
		9D7EF5AE184DB0E600182DB2 /* CustomCell.m */ = {isa = PBXFileReference; fileEncoding = 4; lastKnownFileType = sourcecode.c.objc; path = CustomCell.m; sourceTree = "<group>"; };
		9D7EF5B1184DCC1A00182DB2 /* history_list_bg.png */ = {isa = PBXFileReference; lastKnownFileType = image.png; path = history_list_bg.png; sourceTree = "<group>"; };
		9D9D85AE184DCEBB0015CD71 /* History_bg.png */ = {isa = PBXFileReference; lastKnownFileType = image.png; path = History_bg.png; sourceTree = "<group>"; };
		9D9D85B1184DD26E0015CD71 /* headSetting.h */ = {isa = PBXFileReference; fileEncoding = 4; lastKnownFileType = sourcecode.c.h; path = headSetting.h; sourceTree = "<group>"; };
		9D9D85DD184DD3570015CD71 /* DataModel.h */ = {isa = PBXFileReference; fileEncoding = 4; lastKnownFileType = sourcecode.c.h; path = DataModel.h; sourceTree = "<group>"; };
		9D9D85DE184DD3570015CD71 /* DataModel.m */ = {isa = PBXFileReference; fileEncoding = 4; lastKnownFileType = sourcecode.c.objc; path = DataModel.m; sourceTree = "<group>"; };
		9D9D85E0184DD3A20015CD71 /* HttpRequest.h */ = {isa = PBXFileReference; fileEncoding = 4; lastKnownFileType = sourcecode.c.h; path = HttpRequest.h; sourceTree = "<group>"; };
		9D9D85E1184DD3A20015CD71 /* HttpRequest.m */ = {isa = PBXFileReference; fileEncoding = 4; lastKnownFileType = sourcecode.c.objc; path = HttpRequest.m; sourceTree = "<group>"; };
		9D9D85E3184DD4440015CD71 /* CFNetwork.framework */ = {isa = PBXFileReference; lastKnownFileType = wrapper.framework; name = CFNetwork.framework; path = System/Library/Frameworks/CFNetwork.framework; sourceTree = SDKROOT; };
		9DA9EAE2184DABFA00EF35A5 /* job.app */ = {isa = PBXFileReference; explicitFileType = wrapper.application; includeInIndex = 0; path = job.app; sourceTree = BUILT_PRODUCTS_DIR; };
		9DA9EAE5184DABFA00EF35A5 /* Foundation.framework */ = {isa = PBXFileReference; lastKnownFileType = wrapper.framework; name = Foundation.framework; path = System/Library/Frameworks/Foundation.framework; sourceTree = SDKROOT; };
		9DA9EAE7184DABFA00EF35A5 /* CoreGraphics.framework */ = {isa = PBXFileReference; lastKnownFileType = wrapper.framework; name = CoreGraphics.framework; path = System/Library/Frameworks/CoreGraphics.framework; sourceTree = SDKROOT; };
		9DA9EAE9184DABFA00EF35A5 /* UIKit.framework */ = {isa = PBXFileReference; lastKnownFileType = wrapper.framework; name = UIKit.framework; path = System/Library/Frameworks/UIKit.framework; sourceTree = SDKROOT; };
		9DA9EAED184DABFA00EF35A5 /* job-Info.plist */ = {isa = PBXFileReference; lastKnownFileType = text.plist.xml; path = "job-Info.plist"; sourceTree = "<group>"; };
		9DA9EAEF184DABFA00EF35A5 /* en */ = {isa = PBXFileReference; lastKnownFileType = text.plist.strings; name = en; path = en.lproj/InfoPlist.strings; sourceTree = "<group>"; };
		9DA9EAF1184DABFA00EF35A5 /* main.m */ = {isa = PBXFileReference; lastKnownFileType = sourcecode.c.objc; path = main.m; sourceTree = "<group>"; };
		9DA9EAF3184DABFA00EF35A5 /* job-Prefix.pch */ = {isa = PBXFileReference; lastKnownFileType = sourcecode.c.h; path = "job-Prefix.pch"; sourceTree = "<group>"; };
		9DA9EAF4184DABFA00EF35A5 /* AppDelegate.h */ = {isa = PBXFileReference; lastKnownFileType = sourcecode.c.h; path = AppDelegate.h; sourceTree = "<group>"; };
		9DA9EAF5184DABFA00EF35A5 /* AppDelegate.m */ = {isa = PBXFileReference; lastKnownFileType = sourcecode.c.objc; path = AppDelegate.m; sourceTree = "<group>"; };
		9DA9EAF8184DABFA00EF35A5 /* Base */ = {isa = PBXFileReference; lastKnownFileType = file.storyboard; name = Base; path = Base.lproj/Main.storyboard; sourceTree = "<group>"; };
		9DA9EAFA184DABFA00EF35A5 /* ViewController.h */ = {isa = PBXFileReference; lastKnownFileType = sourcecode.c.h; path = ViewController.h; sourceTree = "<group>"; };
		9DA9EAFB184DABFA00EF35A5 /* ViewController.m */ = {isa = PBXFileReference; lastKnownFileType = sourcecode.c.objc; path = ViewController.m; sourceTree = "<group>"; };
		9DA9EAFD184DABFA00EF35A5 /* Images.xcassets */ = {isa = PBXFileReference; lastKnownFileType = folder.assetcatalog; path = Images.xcassets; sourceTree = "<group>"; };
		9DA9EB03184DABFA00EF35A5 /* jobTests.xctest */ = {isa = PBXFileReference; explicitFileType = wrapper.cfbundle; includeInIndex = 0; path = jobTests.xctest; sourceTree = BUILT_PRODUCTS_DIR; };
		9DA9EB04184DABFA00EF35A5 /* XCTest.framework */ = {isa = PBXFileReference; lastKnownFileType = wrapper.framework; name = XCTest.framework; path = Library/Frameworks/XCTest.framework; sourceTree = DEVELOPER_DIR; };
		9DA9EB0C184DABFA00EF35A5 /* jobTests-Info.plist */ = {isa = PBXFileReference; lastKnownFileType = text.plist.xml; path = "jobTests-Info.plist"; sourceTree = "<group>"; };
		9DA9EB0E184DABFA00EF35A5 /* en */ = {isa = PBXFileReference; lastKnownFileType = text.plist.strings; name = en; path = en.lproj/InfoPlist.strings; sourceTree = "<group>"; };
		9DA9EB10184DABFA00EF35A5 /* jobTests.m */ = {isa = PBXFileReference; lastKnownFileType = sourcecode.c.objc; path = jobTests.m; sourceTree = "<group>"; };
		9DAA60F21856C187002FDF1C /* next_bg.png */ = {isa = PBXFileReference; lastKnownFileType = image.png; path = next_bg.png; sourceTree = "<group>"; };
		9DAA60F31856C187002FDF1C /* home_navigationbutton_normal.png */ = {isa = PBXFileReference; lastKnownFileType = image.png; path = home_navigationbutton_normal.png; sourceTree = "<group>"; };
		9DAA60F41856C187002FDF1C /* previous_bg.png */ = {isa = PBXFileReference; lastKnownFileType = image.png; path = previous_bg.png; sourceTree = "<group>"; };
		9DAA60F51856C187002FDF1C /* previous.png */ = {isa = PBXFileReference; lastKnownFileType = image.png; path = previous.png; sourceTree = "<group>"; };
		9DAA60F61856C187002FDF1C /* home_finished.png */ = {isa = PBXFileReference; lastKnownFileType = image.png; path = home_finished.png; sourceTree = "<group>"; };
		9DAA60F71856C187002FDF1C /* next.png */ = {isa = PBXFileReference; lastKnownFileType = image.png; path = next.png; sourceTree = "<group>"; };
		9DAA60FF1857190D002FDF1C /* JoinViewController.h */ = {isa = PBXFileReference; fileEncoding = 4; lastKnownFileType = sourcecode.c.h; path = JoinViewController.h; sourceTree = "<group>"; };
		9DAA61001857190D002FDF1C /* JoinViewController.m */ = {isa = PBXFileReference; fileEncoding = 4; lastKnownFileType = sourcecode.c.objc; path = JoinViewController.m; sourceTree = "<group>"; };
		9DAA6102185719E1002FDF1C /* JoinCustomCell.h */ = {isa = PBXFileReference; fileEncoding = 4; lastKnownFileType = sourcecode.c.h; path = JoinCustomCell.h; sourceTree = "<group>"; };
		9DAA6103185719E1002FDF1C /* JoinCustomCell.m */ = {isa = PBXFileReference; fileEncoding = 4; lastKnownFileType = sourcecode.c.objc; path = JoinCustomCell.m; sourceTree = "<group>"; };
		9DAD58981855C5AE00F0A2B2 /* EditWorkViewController.h */ = {isa = PBXFileReference; fileEncoding = 4; lastKnownFileType = sourcecode.c.h; path = EditWorkViewController.h; sourceTree = "<group>"; };
		9DAD58991855C5AE00F0A2B2 /* EditWorkViewController.m */ = {isa = PBXFileReference; fileEncoding = 4; lastKnownFileType = sourcecode.c.objc; path = EditWorkViewController.m; sourceTree = "<group>"; };
		9DD5657618501A61007939BA /* datepicker_bg.png */ = {isa = PBXFileReference; lastKnownFileType = image.png; path = datepicker_bg.png; sourceTree = "<group>"; };
		9DD5657718501A61007939BA /* datepicker_bg@2x.png */ = {isa = PBXFileReference; lastKnownFileType = image.png; path = "datepicker_bg@2x.png"; sourceTree = "<group>"; };
		9DD5657A18501C4D007939BA /* InputViewController.h */ = {isa = PBXFileReference; fileEncoding = 4; lastKnownFileType = sourcecode.c.h; path = InputViewController.h; sourceTree = "<group>"; };
		9DD5657B18501C4D007939BA /* InputViewController.m */ = {isa = PBXFileReference; fileEncoding = 4; lastKnownFileType = sourcecode.c.objc; path = InputViewController.m; sourceTree = "<group>"; };
		9DD5657D18503530007939BA /* 58.png */ = {isa = PBXFileReference; lastKnownFileType = image.png; path = 58.png; sourceTree = "<group>"; };
		9DD5657F185035F1007939BA /* 58@2x.png */ = {isa = PBXFileReference; lastKnownFileType = image.png; path = "58@2x.png"; sourceTree = "<group>"; };
		9DD5658118504BA1007939BA /* Tools.h */ = {isa = PBXFileReference; fileEncoding = 4; lastKnownFileType = sourcecode.c.h; path = Tools.h; sourceTree = "<group>"; };
		9DD5658218504BA1007939BA /* Tools.m */ = {isa = PBXFileReference; fileEncoding = 4; lastKnownFileType = sourcecode.c.objc; path = Tools.m; sourceTree = "<group>"; };
		9DD5658518504C52007939BA /* JobFont.h */ = {isa = PBXFileReference; fileEncoding = 4; lastKnownFileType = sourcecode.c.h; path = JobFont.h; sourceTree = "<group>"; };
		9DD5658618504C52007939BA /* JobFont.m */ = {isa = PBXFileReference; fileEncoding = 4; lastKnownFileType = sourcecode.c.objc; path = JobFont.m; sourceTree = "<group>"; };
		9DD565891850785B007939BA /* loginViewController.h */ = {isa = PBXFileReference; fileEncoding = 4; lastKnownFileType = sourcecode.c.h; path = loginViewController.h; sourceTree = "<group>"; };
		9DD5658A1850785B007939BA /* loginViewController.m */ = {isa = PBXFileReference; fileEncoding = 4; lastKnownFileType = sourcecode.c.objc; path = loginViewController.m; sourceTree = "<group>"; };
		9DD5658C18508AD2007939BA /* btn_close_normal@2x.png */ = {isa = PBXFileReference; lastKnownFileType = image.png; path = "btn_close_normal@2x.png"; sourceTree = "<group>"; };
		9DFC8748185166C700997414 /* registerView.h */ = {isa = PBXFileReference; fileEncoding = 4; lastKnownFileType = sourcecode.c.h; path = registerView.h; sourceTree = "<group>"; };
		9DFC8749185166C700997414 /* registerView.m */ = {isa = PBXFileReference; fileEncoding = 4; lastKnownFileType = sourcecode.c.objc; path = registerView.m; sourceTree = "<group>"; };
		9DFC874B1851A8BB00997414 /* wealink.jpg */ = {isa = PBXFileReference; lastKnownFileType = image.jpeg; path = wealink.jpg; sourceTree = "<group>"; };
		9DFC874D1851A8C000997414 /* lagou.jpg */ = {isa = PBXFileReference; lastKnownFileType = image.jpeg; path = lagou.jpg; sourceTree = "<group>"; };
		C9FB0C6BD24F4454B35EAB1F /* libPods.a */ = {isa = PBXFileReference; explicitFileType = archive.ar; includeInIndex = 0; path = libPods.a; sourceTree = BUILT_PRODUCTS_DIR; };
/* End PBXFileReference section */

/* Begin PBXFrameworksBuildPhase section */
		9DA9EADF184DABFA00EF35A5 /* Frameworks */ = {
			isa = PBXFrameworksBuildPhase;
			buildActionMask = 2147483647;
			files = (
				3F0D5501185AF9DD005841A6 /* libz.dylib in Frameworks */,
				3F0D54FF185AF9D3005841A6 /* libstdc++.dylib in Frameworks */,
				3F0D54FD185AF9BF005841A6 /* CoreTelephony.framework in Frameworks */,
				3F0D54FB185AF9B1005841A6 /* libsqlite3.dylib in Frameworks */,
				3F0D54F9185AF996005841A6 /* SystemConfiguration.framework in Frameworks */,
				3F0D54F7185AF974005841A6 /* libiconv.dylib in Frameworks */,
				3F0D54F5185AF957005841A6 /* Security.framework in Frameworks */,
				113F95CA1854032800E6947D /* MobileCoreServices.framework in Frameworks */,
				3F0D54F2185AF667005841A6 /* TencentOpenAPI.framework in Frameworks */,
				9D9D85E4184DD4440015CD71 /* CFNetwork.framework in Frameworks */,
				9DA9EAE8184DABFA00EF35A5 /* CoreGraphics.framework in Frameworks */,
				3FEE6991185AD6470084189B /* libWeiboSDK.a in Frameworks */,
				9DA9EAEA184DABFA00EF35A5 /* UIKit.framework in Frameworks */,
				9DA9EAE6184DABFA00EF35A5 /* Foundation.framework in Frameworks */,
				3D4D62864BF741058B88FF74 /* libPods.a in Frameworks */,
			);
			runOnlyForDeploymentPostprocessing = 0;
		};
		9DA9EB00184DABFA00EF35A5 /* Frameworks */ = {
			isa = PBXFrameworksBuildPhase;
			buildActionMask = 2147483647;
			files = (
				9DA9EB05184DABFA00EF35A5 /* XCTest.framework in Frameworks */,
				9DA9EB07184DABFA00EF35A5 /* UIKit.framework in Frameworks */,
				9DA9EB06184DABFA00EF35A5 /* Foundation.framework in Frameworks */,
			);
			runOnlyForDeploymentPostprocessing = 0;
		};
/* End PBXFrameworksBuildPhase section */

/* Begin PBXGroup section */
		3F0D54EB185AF667005841A6 /* tencentSDK */ = {
			isa = PBXGroup;
			children = (
				3F0D54EF185AF667005841A6 /* TencentOpenAPI.framework */,
				3F0D54F0185AF667005841A6 /* TencentOpenApi_IOS_Bundle.bundle */,
			);
			path = tencentSDK;
			sourceTree = "<group>";
		};
		3F6F9D711858459300FDF258 /* Setting */ = {
			isa = PBXGroup;
			children = (
				3F6F9D72185845CA00FDF258 /* SettingViewController.h */,
				3F6F9D73185845CA00FDF258 /* SettingViewController.m */,
			);
			name = Setting;
			sourceTree = "<group>";
		};
		3FA64937185999E90099D32B /* PullingRefresh */ = {
			isa = PBXGroup;
			children = (
				3FA64938185999E90099D32B /* arrowDown.png */,
				3FA64939185999E90099D32B /* arrowDown@2x.png */,
				3FA6493A185999E90099D32B /* arrowUp.png */,
				3FA6493B185999E90099D32B /* arrowUp@2x.png */,
				3FA6493C185999E90099D32B /* blueArrow.png */,
				3FA6493D185999E90099D32B /* PullingRefreshTableView.h */,
				3FA6493E185999E90099D32B /* PullingRefreshTableView.m */,
			);
			path = PullingRefresh;
			sourceTree = "<group>";
		};
		3FEE698D185AD6470084189B /* libWeiboSDK */ = {
			isa = PBXGroup;
			children = (
				3FEE698E185AD6470084189B /* libWeiboSDK.a */,
				3FEE698F185AD6470084189B /* WeiboSDK.bundle */,
				3FEE6990185AD6470084189B /* WeiboSDK.h */,
			);
			path = libWeiboSDK;
			sourceTree = "<group>";
		};
		9D66ABA8184ECC4D00C03098 /* MainViewController */ = {
			isa = PBXGroup;
			children = (
				9DA9EAFA184DABFA00EF35A5 /* ViewController.h */,
				9DA9EAFB184DABFA00EF35A5 /* ViewController.m */,
				9D7EF5AD184DB0E600182DB2 /* CustomCell.h */,
				9D7EF5AE184DB0E600182DB2 /* CustomCell.m */,
				3F6F9D751858631500FDF258 /* SearchView.h */,
				3F6F9D761858631500FDF258 /* SearchView.m */,
			);
			name = MainViewController;
			sourceTree = "<group>";
		};
		9D66ABA9184ECCEF00C03098 /* resume */ = {
			isa = PBXGroup;
			children = (
				9D66ABAA184ECD6B00C03098 /* ResumeViewController.h */,
				9D66ABAB184ECD6B00C03098 /* ResumeViewController.m */,
				9D66ABB3184F08EF00C03098 /* personMessgae */,
				9D66ABB5184F096600C03098 /* work */,
				9D66ABB4184F090900C03098 /* education */,
			);
			name = resume;
			sourceTree = "<group>";
		};
		9D66ABB3184F08EF00C03098 /* personMessgae */ = {
			isa = PBXGroup;
			children = (
				9D66ABAD184ED9A500C03098 /* PersonMessageViewController.h */,
				9D66ABAE184ED9A500C03098 /* PersonMessageViewController.m */,
				9D66ABB0184EF0C000C03098 /* PersonMessageCustomCell.h */,
				9D66ABB1184EF0C000C03098 /* PersonMessageCustomCell.m */,
				9D66ABBF184F220900C03098 /* EditDiplomaTableViewController.h */,
				9D66ABC0184F220900C03098 /* EditDiplomaTableViewController.m */,
				9DD5657A18501C4D007939BA /* InputViewController.h */,
				9DD5657B18501C4D007939BA /* InputViewController.m */,
			);
			name = personMessgae;
			sourceTree = "<group>";
		};
		9D66ABB4184F090900C03098 /* education */ = {
			isa = PBXGroup;
			children = (
			);
			name = "\U001deducation";
			sourceTree = "<group>";
		};
		9D66ABB5184F096600C03098 /* work */ = {
			isa = PBXGroup;
			children = (
				9D66ABB6184F0A3B00C03098 /* WorkTableViewController.h */,
				9D66ABB7184F0A3B00C03098 /* WorkTableViewController.m */,
				9D66ABB9184F0CEB00C03098 /* WorkCustomCell.h */,
				9D66ABBA184F0CEB00C03098 /* WorkCustomCell.m */,
				9DAD58981855C5AE00F0A2B2 /* EditWorkViewController.h */,
				9DAD58991855C5AE00F0A2B2 /* EditWorkViewController.m */,
			);
			name = work;
			sourceTree = "<group>";
		};
		9D7EF5B0184DCBB400182DB2 /* images */ = {
			isa = PBXGroup;
			children = (
				3FEE698B185AD3350084189B /* login_logo.png */,
				3F6F9D7A18587A4600FDF258 /* SearchIcon.png */,
				3F6F9D6F1858171F00FDF258 /* ball_point_pen-25.png */,
				3F6F9D6D1858169B00FDF258 /* map_marker-25.png */,
				3F6F9D6B1858161200FDF258 /* log_cabine-25.png */,
				3F6F9D69185814AF00FDF258 /* street_view-25.png */,
				3F6F9D671858106800FDF258 /* construction_worker-25.png */,
				3F6F9D6518580F4500FDF258 /* border_color-25.png */,
				3F6F9D6118580DB700FDF258 /* settings-25.png */,
				9DD5657D18503530007939BA /* 58.png */,
				9DD5657F185035F1007939BA /* 58@2x.png */,
				9DFC874B1851A8BB00997414 /* wealink.jpg */,
				9DFC874D1851A8C000997414 /* lagou.jpg */,
				9D7EF5B1184DCC1A00182DB2 /* history_list_bg.png */,
				9D9D85AE184DCEBB0015CD71 /* History_bg.png */,
				9DD5657618501A61007939BA /* datepicker_bg.png */,
				9DD5657718501A61007939BA /* datepicker_bg@2x.png */,
				9DD5658C18508AD2007939BA /* btn_close_normal@2x.png */,
				9DAA60F21856C187002FDF1C /* next_bg.png */,
				9DAA60F31856C187002FDF1C /* home_navigationbutton_normal.png */,
				9DAA60F41856C187002FDF1C /* previous_bg.png */,
				9DAA60F51856C187002FDF1C /* previous.png */,
				9DAA60F61856C187002FDF1C /* home_finished.png */,
				9DAA60F71856C187002FDF1C /* next.png */,
			);
			path = images;
			sourceTree = "<group>";
		};
		9D9D85DC184DD31A0015CD71 /* DataModel */ = {
			isa = PBXGroup;
			children = (
				9D9D85DD184DD3570015CD71 /* DataModel.h */,
				9D9D85DE184DD3570015CD71 /* DataModel.m */,
				9D9D85E0184DD3A20015CD71 /* HttpRequest.h */,
				9D9D85E1184DD3A20015CD71 /* HttpRequest.m */,
			);
			name = DataModel;
			sourceTree = "<group>";
		};
		9DA9EAD9184DABFA00EF35A5 = {
			isa = PBXGroup;
			children = (
				9DA9EAEB184DABFA00EF35A5 /* job */,
				9DA9EB0A184DABFA00EF35A5 /* jobTests */,
				9DA9EAE4184DABFA00EF35A5 /* Frameworks */,
				9DA9EAE3184DABFA00EF35A5 /* Products */,
				01DD6B97EB5F403EA03E86D8 /* Pods.xcconfig */,
			);
			sourceTree = "<group>";
		};
		9DA9EAE3184DABFA00EF35A5 /* Products */ = {
			isa = PBXGroup;
			children = (
				9DA9EAE2184DABFA00EF35A5 /* job.app */,
				9DA9EB03184DABFA00EF35A5 /* jobTests.xctest */,
			);
			name = Products;
			sourceTree = "<group>";
		};
		9DA9EAE4184DABFA00EF35A5 /* Frameworks */ = {
			isa = PBXGroup;
			children = (
				3F0D5500185AF9DD005841A6 /* libz.dylib */,
				3F0D54FE185AF9D3005841A6 /* libstdc++.dylib */,
				3F0D54FC185AF9BF005841A6 /* CoreTelephony.framework */,
				3F0D54FA185AF9B1005841A6 /* libsqlite3.dylib */,
				3F0D54F8185AF996005841A6 /* SystemConfiguration.framework */,
				3F0D54F6185AF974005841A6 /* libiconv.dylib */,
				3F0D54F4185AF957005841A6 /* Security.framework */,
				113F95C91854032800E6947D /* MobileCoreServices.framework */,
				9D9D85E3184DD4440015CD71 /* CFNetwork.framework */,
				9DA9EAE5184DABFA00EF35A5 /* Foundation.framework */,
				9DA9EAE7184DABFA00EF35A5 /* CoreGraphics.framework */,
				9DA9EAE9184DABFA00EF35A5 /* UIKit.framework */,
				9DA9EB04184DABFA00EF35A5 /* XCTest.framework */,
				C9FB0C6BD24F4454B35EAB1F /* libPods.a */,
			);
			name = Frameworks;
			sourceTree = "<group>";
		};
		9DA9EAEB184DABFA00EF35A5 /* job */ = {
			isa = PBXGroup;
			children = (
				3F0D54EB185AF667005841A6 /* tencentSDK */,
				9DA9EAF4184DABFA00EF35A5 /* AppDelegate.h */,
				9DA9EAF5184DABFA00EF35A5 /* AppDelegate.m */,
				9DA9EAF7184DABFA00EF35A5 /* Main.storyboard */,
				3FEE698D185AD6470084189B /* libWeiboSDK */,
				9DD5658818507827007939BA /* login */,
				9D66ABA8184ECC4D00C03098 /* MainViewController */,
				3F6F9D711858459300FDF258 /* Setting */,
				9DAA60FE185718C5002FDF1C /* join */,
				9D66ABA9184ECCEF00C03098 /* resume */,
				9D9D85DC184DD31A0015CD71 /* DataModel */,
				3FA64937185999E90099D32B /* PullingRefresh */,
				9DD5658418504BA6007939BA /* Tools */,
				9DA9EAFD184DABFA00EF35A5 /* Images.xcassets */,
				9D7EF5B0184DCBB400182DB2 /* images */,
				9DA9EAEC184DABFA00EF35A5 /* Supporting Files */,
			);
			path = job;
			sourceTree = "<group>";
		};
		9DA9EAEC184DABFA00EF35A5 /* Supporting Files */ = {
			isa = PBXGroup;
			children = (
				9DA9EAED184DABFA00EF35A5 /* job-Info.plist */,
				9DA9EAEE184DABFA00EF35A5 /* InfoPlist.strings */,
				9D9D85B1184DD26E0015CD71 /* headSetting.h */,
				9DA9EAF1184DABFA00EF35A5 /* main.m */,
				9DA9EAF3184DABFA00EF35A5 /* job-Prefix.pch */,
			);
			name = "Supporting Files";
			sourceTree = "<group>";
		};
		9DA9EB0A184DABFA00EF35A5 /* jobTests */ = {
			isa = PBXGroup;
			children = (
				9DA9EB10184DABFA00EF35A5 /* jobTests.m */,
				9DA9EB0B184DABFA00EF35A5 /* Supporting Files */,
			);
			path = jobTests;
			sourceTree = "<group>";
		};
		9DA9EB0B184DABFA00EF35A5 /* Supporting Files */ = {
			isa = PBXGroup;
			children = (
				9DA9EB0C184DABFA00EF35A5 /* jobTests-Info.plist */,
				9DA9EB0D184DABFA00EF35A5 /* InfoPlist.strings */,
			);
			name = "Supporting Files";
			sourceTree = "<group>";
		};
		9DAA60FE185718C5002FDF1C /* join */ = {
			isa = PBXGroup;
			children = (
				9DAA60FF1857190D002FDF1C /* JoinViewController.h */,
				9DAA61001857190D002FDF1C /* JoinViewController.m */,
				9DAA6102185719E1002FDF1C /* JoinCustomCell.h */,
				9DAA6103185719E1002FDF1C /* JoinCustomCell.m */,
			);
			name = join;
			sourceTree = "<group>";
		};
		9DD5658418504BA6007939BA /* Tools */ = {
			isa = PBXGroup;
			children = (
				9DD5658118504BA1007939BA /* Tools.h */,
				9DD5658218504BA1007939BA /* Tools.m */,
				9DD5658518504C52007939BA /* JobFont.h */,
				9DD5658618504C52007939BA /* JobFont.m */,
			);
			name = Tools;
			sourceTree = "<group>";
		};
		9DD5658818507827007939BA /* login */ = {
			isa = PBXGroup;
			children = (
				9DD565891850785B007939BA /* loginViewController.h */,
				9DD5658A1850785B007939BA /* loginViewController.m */,
				9DFC8748185166C700997414 /* registerView.h */,
				9DFC8749185166C700997414 /* registerView.m */,
			);
			name = login;
			sourceTree = "<group>";
		};
/* End PBXGroup section */

/* Begin PBXNativeTarget section */
		9DA9EAE1184DABFA00EF35A5 /* job */ = {
			isa = PBXNativeTarget;
			buildConfigurationList = 9DA9EB14184DABFA00EF35A5 /* Build configuration list for PBXNativeTarget "job" */;
			buildPhases = (
				BE043FD11F2E455DAF26FFA7 /* Check Pods Manifest.lock */,
				9DA9EADE184DABFA00EF35A5 /* Sources */,
				9DA9EADF184DABFA00EF35A5 /* Frameworks */,
				9DA9EAE0184DABFA00EF35A5 /* Resources */,
				0CC1428A82224876BA9D3923 /* Copy Pods Resources */,
			);
			buildRules = (
			);
			dependencies = (
			);
			name = job;
			productName = job;
			productReference = 9DA9EAE2184DABFA00EF35A5 /* job.app */;
			productType = "com.apple.product-type.application";
		};
		9DA9EB02184DABFA00EF35A5 /* jobTests */ = {
			isa = PBXNativeTarget;
			buildConfigurationList = 9DA9EB17184DABFA00EF35A5 /* Build configuration list for PBXNativeTarget "jobTests" */;
			buildPhases = (
				9DA9EAFF184DABFA00EF35A5 /* Sources */,
				9DA9EB00184DABFA00EF35A5 /* Frameworks */,
				9DA9EB01184DABFA00EF35A5 /* Resources */,
			);
			buildRules = (
			);
			dependencies = (
				9DA9EB09184DABFA00EF35A5 /* PBXTargetDependency */,
			);
			name = jobTests;
			productName = jobTests;
			productReference = 9DA9EB03184DABFA00EF35A5 /* jobTests.xctest */;
			productType = "com.apple.product-type.bundle.unit-test";
		};
/* End PBXNativeTarget section */

/* Begin PBXProject section */
		9DA9EADA184DABFA00EF35A5 /* Project object */ = {
			isa = PBXProject;
			attributes = {
				LastUpgradeCheck = 0510;
				ORGANIZATIONNAME = impressly;
				TargetAttributes = {
					9DA9EB02184DABFA00EF35A5 = {
						TestTargetID = 9DA9EAE1184DABFA00EF35A5;
					};
				};
			};
			buildConfigurationList = 9DA9EADD184DABFA00EF35A5 /* Build configuration list for PBXProject "job" */;
			compatibilityVersion = "Xcode 3.2";
			developmentRegion = English;
			hasScannedForEncodings = 0;
			knownRegions = (
				en,
				Base,
			);
			mainGroup = 9DA9EAD9184DABFA00EF35A5;
			productRefGroup = 9DA9EAE3184DABFA00EF35A5 /* Products */;
			projectDirPath = "";
			projectRoot = "";
			targets = (
				9DA9EAE1184DABFA00EF35A5 /* job */,
				9DA9EB02184DABFA00EF35A5 /* jobTests */,
			);
		};
/* End PBXProject section */

/* Begin PBXResourcesBuildPhase section */
		9DA9EAE0184DABFA00EF35A5 /* Resources */ = {
			isa = PBXResourcesBuildPhase;
			buildActionMask = 2147483647;
			files = (
				3F0D54F3185AF667005841A6 /* TencentOpenApi_IOS_Bundle.bundle in Resources */,
				3F6F9D6A185814AF00FDF258 /* street_view-25.png in Resources */,
				9DD5657818501A61007939BA /* datepicker_bg.png in Resources */,
				9DA9EAFE184DABFA00EF35A5 /* Images.xcassets in Resources */,
				9DAA60FD1856C187002FDF1C /* next.png in Resources */,
				3F6F9D6218580DB700FDF258 /* settings-25.png in Resources */,
				9DD5657918501A61007939BA /* datepicker_bg@2x.png in Resources */,
				3F6F9D7B18587A4600FDF258 /* SearchIcon.png in Resources */,
				3F6F9D6618580F4500FDF258 /* border_color-25.png in Resources */,
				3FEE6992185AD6470084189B /* WeiboSDK.bundle in Resources */,
				3F6F9D6E1858169B00FDF258 /* map_marker-25.png in Resources */,
				3FA64943185999E90099D32B /* blueArrow.png in Resources */,
				3FEE698C185AD3350084189B /* login_logo.png in Resources */,
				9D9D85AF184DCEBB0015CD71 /* History_bg.png in Resources */,
				9DAA60F81856C187002FDF1C /* next_bg.png in Resources */,
				9DA9EAF0184DABFA00EF35A5 /* InfoPlist.strings in Resources */,
				3FA64940185999E90099D32B /* arrowDown@2x.png in Resources */,
				9DA9EAF9184DABFA00EF35A5 /* Main.storyboard in Resources */,
				9DD5657E18503530007939BA /* 58.png in Resources */,
				3FA6493F185999E90099D32B /* arrowDown.png in Resources */,
				3FA64941185999E90099D32B /* arrowUp.png in Resources */,
				3F6F9D701858171F00FDF258 /* ball_point_pen-25.png in Resources */,
				9DD56580185035F1007939BA /* 58@2x.png in Resources */,
				9DAA60FA1856C187002FDF1C /* previous_bg.png in Resources */,
				3F6F9D6C1858161200FDF258 /* log_cabine-25.png in Resources */,
				9DFC874E1851A8C000997414 /* lagou.jpg in Resources */,
				9DAA60FC1856C187002FDF1C /* home_finished.png in Resources */,
				3F6F9D681858106800FDF258 /* construction_worker-25.png in Resources */,
				9DAA60F91856C187002FDF1C /* home_navigationbutton_normal.png in Resources */,
				9DAA60FB1856C187002FDF1C /* previous.png in Resources */,
				9D7EF5B2184DCC1A00182DB2 /* history_list_bg.png in Resources */,
				3FA64942185999E90099D32B /* arrowUp@2x.png in Resources */,
				9DFC874C1851A8BB00997414 /* wealink.jpg in Resources */,
				9DD5658D18508AD2007939BA /* btn_close_normal@2x.png in Resources */,
			);
			runOnlyForDeploymentPostprocessing = 0;
		};
		9DA9EB01184DABFA00EF35A5 /* Resources */ = {
			isa = PBXResourcesBuildPhase;
			buildActionMask = 2147483647;
			files = (
				9DA9EB0F184DABFA00EF35A5 /* InfoPlist.strings in Resources */,
			);
			runOnlyForDeploymentPostprocessing = 0;
		};
/* End PBXResourcesBuildPhase section */

/* Begin PBXShellScriptBuildPhase section */
		0CC1428A82224876BA9D3923 /* Copy Pods Resources */ = {
			isa = PBXShellScriptBuildPhase;
			buildActionMask = 2147483647;
			files = (
			);
			inputPaths = (
			);
			name = "Copy Pods Resources";
			outputPaths = (
			);
			runOnlyForDeploymentPostprocessing = 0;
			shellPath = /bin/sh;
			shellScript = "\"${SRCROOT}/Pods/Pods-resources.sh\"\n";
			showEnvVarsInLog = 0;
		};
		BE043FD11F2E455DAF26FFA7 /* Check Pods Manifest.lock */ = {
			isa = PBXShellScriptBuildPhase;
			buildActionMask = 2147483647;
			files = (
			);
			inputPaths = (
			);
			name = "Check Pods Manifest.lock";
			outputPaths = (
			);
			runOnlyForDeploymentPostprocessing = 0;
			shellPath = /bin/sh;
			shellScript = "diff \"${PODS_ROOT}/../Podfile.lock\" \"${PODS_ROOT}/Manifest.lock\" > /dev/null\nif [[ $? != 0 ]] ; then\n    cat << EOM\nerror: The sandbox is not in sync with the Podfile.lock. Run 'pod install' or update your CocoaPods installation.\nEOM\n    exit 1\nfi\n";
			showEnvVarsInLog = 0;
		};
/* End PBXShellScriptBuildPhase section */

/* Begin PBXSourcesBuildPhase section */
		9DA9EADE184DABFA00EF35A5 /* Sources */ = {
			isa = PBXSourcesBuildPhase;
			buildActionMask = 2147483647;
			files = (
				3F0D5503185AFA14005841A6 /* TencentOpenApi_IOS_Bundle.bundle in Sources */,
				3F0D5502185AFA0F005841A6 /* TencentOpenAPI.framework in Sources */,
				3F6F9D771858631500FDF258 /* SearchView.m in Sources */,
				9D66ABB8184F0A3B00C03098 /* WorkTableViewController.m in Sources */,
				9DAD589A1855C5AE00F0A2B2 /* EditWorkViewController.m in Sources */,
				9DAA6104185719E1002FDF1C /* JoinCustomCell.m in Sources */,
				9D9D85E2184DD3A20015CD71 /* HttpRequest.m in Sources */,
				9DA9EAFC184DABFA00EF35A5 /* ViewController.m in Sources */,
				9DA9EAF6184DABFA00EF35A5 /* AppDelegate.m in Sources */,
				9DD5658B1850785B007939BA /* loginViewController.m in Sources */,
				9DAA61011857190D002FDF1C /* JoinViewController.m in Sources */,
				9D66ABBB184F0CEB00C03098 /* WorkCustomCell.m in Sources */,
				9DFC874A185166C700997414 /* registerView.m in Sources */,
				9DD5658718504C52007939BA /* JobFont.m in Sources */,
				9DD5658318504BA1007939BA /* Tools.m in Sources */,
				9D66ABB2184EF0C000C03098 /* PersonMessageCustomCell.m in Sources */,
				9DD5657C18501C4D007939BA /* InputViewController.m in Sources */,
				9D66ABAF184ED9A500C03098 /* PersonMessageViewController.m in Sources */,
				9D66ABC1184F220900C03098 /* EditDiplomaTableViewController.m in Sources */,
				9D7EF5AF184DB0E600182DB2 /* CustomCell.m in Sources */,
				3F6F9D74185845CA00FDF258 /* SettingViewController.m in Sources */,
				3FA64944185999E90099D32B /* PullingRefreshTableView.m in Sources */,
				9D66ABAC184ECD6B00C03098 /* ResumeViewController.m in Sources */,
				9D9D85DF184DD3570015CD71 /* DataModel.m in Sources */,
				9DA9EAF2184DABFA00EF35A5 /* main.m in Sources */,
			);
			runOnlyForDeploymentPostprocessing = 0;
		};
		9DA9EAFF184DABFA00EF35A5 /* Sources */ = {
			isa = PBXSourcesBuildPhase;
			buildActionMask = 2147483647;
			files = (
				9DA9EB11184DABFA00EF35A5 /* jobTests.m in Sources */,
			);
			runOnlyForDeploymentPostprocessing = 0;
		};
/* End PBXSourcesBuildPhase section */

/* Begin PBXTargetDependency section */
		9DA9EB09184DABFA00EF35A5 /* PBXTargetDependency */ = {
			isa = PBXTargetDependency;
			target = 9DA9EAE1184DABFA00EF35A5 /* job */;
			targetProxy = 9DA9EB08184DABFA00EF35A5 /* PBXContainerItemProxy */;
		};
/* End PBXTargetDependency section */

/* Begin PBXVariantGroup section */
		9DA9EAEE184DABFA00EF35A5 /* InfoPlist.strings */ = {
			isa = PBXVariantGroup;
			children = (
				9DA9EAEF184DABFA00EF35A5 /* en */,
			);
			name = InfoPlist.strings;
			sourceTree = "<group>";
		};
		9DA9EAF7184DABFA00EF35A5 /* Main.storyboard */ = {
			isa = PBXVariantGroup;
			children = (
				9DA9EAF8184DABFA00EF35A5 /* Base */,
			);
			name = Main.storyboard;
			sourceTree = "<group>";
		};
		9DA9EB0D184DABFA00EF35A5 /* InfoPlist.strings */ = {
			isa = PBXVariantGroup;
			children = (
				9DA9EB0E184DABFA00EF35A5 /* en */,
			);
			name = InfoPlist.strings;
			sourceTree = "<group>";
		};
/* End PBXVariantGroup section */

/* Begin XCBuildConfiguration section */
		9DA9EB12184DABFA00EF35A5 /* Debug */ = {
			isa = XCBuildConfiguration;
			buildSettings = {
				ALWAYS_SEARCH_USER_PATHS = NO;
				CLANG_CXX_LANGUAGE_STANDARD = "gnu++0x";
				CLANG_CXX_LIBRARY = "libc++";
				CLANG_ENABLE_MODULES = YES;
				CLANG_ENABLE_OBJC_ARC = YES;
				CLANG_WARN_BOOL_CONVERSION = YES;
				CLANG_WARN_CONSTANT_CONVERSION = YES;
				CLANG_WARN_DIRECT_OBJC_ISA_USAGE = YES_ERROR;
				CLANG_WARN_EMPTY_BODY = YES;
				CLANG_WARN_ENUM_CONVERSION = YES;
				CLANG_WARN_INT_CONVERSION = YES;
				CLANG_WARN_OBJC_ROOT_CLASS = YES_ERROR;
				CLANG_WARN__DUPLICATE_METHOD_MATCH = YES;
				"CODE_SIGN_IDENTITY[sdk=iphoneos*]" = "iPhone Developer: Jerry Liu (A36KRPBU8Y)";
				COPY_PHASE_STRIP = NO;
				GCC_C_LANGUAGE_STANDARD = gnu99;
				GCC_DYNAMIC_NO_PIC = NO;
				GCC_OPTIMIZATION_LEVEL = 0;
				GCC_PREPROCESSOR_DEFINITIONS = (
					"DEBUG=1",
					"$(inherited)",
				);
				GCC_SYMBOLS_PRIVATE_EXTERN = NO;
				GCC_WARN_64_TO_32_BIT_CONVERSION = YES;
				GCC_WARN_ABOUT_RETURN_TYPE = YES_ERROR;
				GCC_WARN_UNDECLARED_SELECTOR = YES;
				GCC_WARN_UNINITIALIZED_AUTOS = YES_AGGRESSIVE;
				GCC_WARN_UNUSED_FUNCTION = YES;
				GCC_WARN_UNUSED_VARIABLE = YES;
				IPHONEOS_DEPLOYMENT_TARGET = 6.1;
				ONLY_ACTIVE_ARCH = YES;
				SDKROOT = iphoneos;
			};
			name = Debug;
		};
		9DA9EB13184DABFA00EF35A5 /* Release */ = {
			isa = XCBuildConfiguration;
			buildSettings = {
				ALWAYS_SEARCH_USER_PATHS = NO;
				CLANG_CXX_LANGUAGE_STANDARD = "gnu++0x";
				CLANG_CXX_LIBRARY = "libc++";
				CLANG_ENABLE_MODULES = YES;
				CLANG_ENABLE_OBJC_ARC = YES;
				CLANG_WARN_BOOL_CONVERSION = YES;
				CLANG_WARN_CONSTANT_CONVERSION = YES;
				CLANG_WARN_DIRECT_OBJC_ISA_USAGE = YES_ERROR;
				CLANG_WARN_EMPTY_BODY = YES;
				CLANG_WARN_ENUM_CONVERSION = YES;
				CLANG_WARN_INT_CONVERSION = YES;
				CLANG_WARN_OBJC_ROOT_CLASS = YES_ERROR;
				CLANG_WARN__DUPLICATE_METHOD_MATCH = YES;
				"CODE_SIGN_IDENTITY[sdk=iphoneos*]" = "iPhone Developer: Jerry Liu (A36KRPBU8Y)";
				COPY_PHASE_STRIP = YES;
				ENABLE_NS_ASSERTIONS = NO;
				GCC_C_LANGUAGE_STANDARD = gnu99;
				GCC_WARN_64_TO_32_BIT_CONVERSION = YES;
				GCC_WARN_ABOUT_RETURN_TYPE = YES_ERROR;
				GCC_WARN_UNDECLARED_SELECTOR = YES;
				GCC_WARN_UNINITIALIZED_AUTOS = YES_AGGRESSIVE;
				GCC_WARN_UNUSED_FUNCTION = YES;
				GCC_WARN_UNUSED_VARIABLE = YES;
				IPHONEOS_DEPLOYMENT_TARGET = 6.1;
				SDKROOT = iphoneos;
				VALIDATE_PRODUCT = YES;
			};
			name = Release;
		};
		9DA9EB15184DABFA00EF35A5 /* Debug */ = {
			isa = XCBuildConfiguration;
			baseConfigurationReference = 01DD6B97EB5F403EA03E86D8 /* Pods.xcconfig */;
			buildSettings = {
				ASSETCATALOG_COMPILER_APPICON_NAME = AppIcon;
				ASSETCATALOG_COMPILER_LAUNCHIMAGE_NAME = LaunchImage;
				CODE_SIGN_IDENTITY = "iPhone Developer";
				FRAMEWORK_SEARCH_PATHS = (
					"$(inherited)",
					/Users/caiming/ios/jobs/job/job/tencentSDK,
				);
				GCC_PRECOMPILE_PREFIX_HEADER = YES;
				GCC_PREFIX_HEADER = "job/job-Prefix.pch";
				INFOPLIST_FILE = "job/job-Info.plist";
				IPHONEOS_DEPLOYMENT_TARGET = 6.1;
				LIBRARY_SEARCH_PATHS = (
					"$(inherited)",
					/Users/caiming/ios/jobs/job/job/libWeiboSDK,
				);
				PRODUCT_NAME = "$(TARGET_NAME)";
				WRAPPER_EXTENSION = app;
			};
			name = Debug;
		};
		9DA9EB16184DABFA00EF35A5 /* Release */ = {
			isa = XCBuildConfiguration;
			baseConfigurationReference = 01DD6B97EB5F403EA03E86D8 /* Pods.xcconfig */;
			buildSettings = {
				ASSETCATALOG_COMPILER_APPICON_NAME = AppIcon;
				ASSETCATALOG_COMPILER_LAUNCHIMAGE_NAME = LaunchImage;
				CODE_SIGN_IDENTITY = "iPhone Distribution";
				FRAMEWORK_SEARCH_PATHS = (
					"$(inherited)",
					/Users/caiming/ios/jobs/job/job/tencentSDK,
				);
				GCC_PRECOMPILE_PREFIX_HEADER = YES;
				GCC_PREFIX_HEADER = "job/job-Prefix.pch";
				INFOPLIST_FILE = "job/job-Info.plist";
				IPHONEOS_DEPLOYMENT_TARGET = 6.1;
				LIBRARY_SEARCH_PATHS = (
					"$(inherited)",
					/Users/caiming/ios/jobs/job/job/libWeiboSDK,
				);
				PRODUCT_NAME = "$(TARGET_NAME)";
				WRAPPER_EXTENSION = app;
			};
			name = Release;
		};
		9DA9EB18184DABFA00EF35A5 /* Debug */ = {
			isa = XCBuildConfiguration;
			buildSettings = {
				BUNDLE_LOADER = "$(BUILT_PRODUCTS_DIR)/job.app/job";
				FRAMEWORK_SEARCH_PATHS = (
					"$(SDKROOT)/Developer/Library/Frameworks",
					"$(inherited)",
					"$(DEVELOPER_FRAMEWORKS_DIR)",
				);
				GCC_PRECOMPILE_PREFIX_HEADER = YES;
				GCC_PREFIX_HEADER = "job/job-Prefix.pch";
				GCC_PREPROCESSOR_DEFINITIONS = (
					"DEBUG=1",
					"$(inherited)",
				);
				INFOPLIST_FILE = "jobTests/jobTests-Info.plist";
				PRODUCT_NAME = "$(TARGET_NAME)";
				TEST_HOST = "$(BUNDLE_LOADER)";
				WRAPPER_EXTENSION = xctest;
			};
			name = Debug;
		};
		9DA9EB19184DABFA00EF35A5 /* Release */ = {
			isa = XCBuildConfiguration;
			buildSettings = {
				BUNDLE_LOADER = "$(BUILT_PRODUCTS_DIR)/job.app/job";
				FRAMEWORK_SEARCH_PATHS = (
					"$(SDKROOT)/Developer/Library/Frameworks",
					"$(inherited)",
					"$(DEVELOPER_FRAMEWORKS_DIR)",
				);
				GCC_PRECOMPILE_PREFIX_HEADER = YES;
				GCC_PREFIX_HEADER = "job/job-Prefix.pch";
				INFOPLIST_FILE = "jobTests/jobTests-Info.plist";
				PRODUCT_NAME = "$(TARGET_NAME)";
				TEST_HOST = "$(BUNDLE_LOADER)";
				WRAPPER_EXTENSION = xctest;
			};
			name = Release;
		};
/* End XCBuildConfiguration section */

/* Begin XCConfigurationList section */
		9DA9EADD184DABFA00EF35A5 /* Build configuration list for PBXProject "job" */ = {
			isa = XCConfigurationList;
			buildConfigurations = (
				9DA9EB12184DABFA00EF35A5 /* Debug */,
				9DA9EB13184DABFA00EF35A5 /* Release */,
			);
			defaultConfigurationIsVisible = 0;
			defaultConfigurationName = Release;
		};
		9DA9EB14184DABFA00EF35A5 /* Build configuration list for PBXNativeTarget "job" */ = {
			isa = XCConfigurationList;
			buildConfigurations = (
				9DA9EB15184DABFA00EF35A5 /* Debug */,
				9DA9EB16184DABFA00EF35A5 /* Release */,
			);
			defaultConfigurationIsVisible = 0;
			defaultConfigurationName = Release;
		};
		9DA9EB17184DABFA00EF35A5 /* Build configuration list for PBXNativeTarget "jobTests" */ = {
			isa = XCConfigurationList;
			buildConfigurations = (
				9DA9EB18184DABFA00EF35A5 /* Debug */,
				9DA9EB19184DABFA00EF35A5 /* Release */,
			);
			defaultConfigurationIsVisible = 0;
			defaultConfigurationName = Release;
		};
/* End XCConfigurationList section */
	};
	rootObject = 9DA9EADA184DABFA00EF35A5 /* Project object */;
}
