// !$*UTF8*$!
{
	archiveVersion = 1;
	classes = {
	};
	objectVersion = 46;
	objects = {

/* Begin PBXBuildFile section */
		9DA9EAE6184DABFA00EF35A5 /* Foundation.framework in Frameworks */ = {isa = PBXBuildFile; fileRef = 9DA9EAE5184DABFA00EF35A5 /* Foundation.framework */; };
		9DA9EAE8184DABFA00EF35A5 /* CoreGraphics.framework in Frameworks */ = {isa = PBXBuildFile; fileRef = 9DA9EAE7184DABFA00EF35A5 /* CoreGraphics.framework */; };
		9DA9EAEA184DABFA00EF35A5 /* UIKit.framework in Frameworks */ = {isa = PBXBuildFile; fileRef = 9DA9EAE9184DABFA00EF35A5 /* UIKit.framework */; };
		9DA9EAF0184DABFA00EF35A5 /* InfoPlist.strings in Resources */ = {isa = PBXBuildFile; fileRef = 9DA9EAEE184DABFA00EF35A5 /* InfoPlist.strings */; };
		9DA9EAF2184DABFA00EF35A5 /* main.m in Sources */ = {isa = PBXBuildFile; fileRef = 9DA9EAF1184DABFA00EF35A5 /* main.m */; };
		9DA9EAF6184DABFA00EF35A5 /* AppDelegate.m in Sources */ = {isa = PBXBuildFile; fileRef = 9DA9EAF5184DABFA00EF35A5 /* AppDelegate.m */; };
		9DA9EAF9184DABFA00EF35A5 /* Main.storyboard in Resources */ = {isa = PBXBuildFile; fileRef = 9DA9EAF7184DABFA00EF35A5 /* Main.storyboard */; };
		9DA9EAFC184DABFA00EF35A5 /* ViewController.m in Sources */ = {isa = PBXBuildFile; fileRef = 9DA9EAFB184DABFA00EF35A5 /* ViewController.m */; };
		9DA9EAFE184DABFA00EF35A5 /* Images.xcassets in Resources */ = {isa = PBXBuildFile; fileRef = 9DA9EAFD184DABFA00EF35A5 /* Images.xcassets */; };
		9DA9EB05184DABFA00EF35A5 /* XCTest.framework in Frameworks */ = {isa = PBXBuildFile; fileRef = 9DA9EB04184DABFA00EF35A5 /* XCTest.framework */; };
		9DA9EB06184DABFA00EF35A5 /* Foundation.framework in Frameworks */ = {isa = PBXBuildFile; fileRef = 9DA9EAE5184DABFA00EF35A5 /* Foundation.framework */; };
		9DA9EB07184DABFA00EF35A5 /* UIKit.framework in Frameworks */ = {isa = PBXBuildFile; fileRef = 9DA9EAE9184DABFA00EF35A5 /* UIKit.framework */; };
		9DA9EB0F184DABFA00EF35A5 /* InfoPlist.strings in Resources */ = {isa = PBXBuildFile; fileRef = 9DA9EB0D184DABFA00EF35A5 /* InfoPlist.strings */; };
		9DA9EB11184DABFA00EF35A5 /* jobTests.m in Sources */ = {isa = PBXBuildFile; fileRef = 9DA9EB10184DABFA00EF35A5 /* jobTests.m */; };
/* End PBXBuildFile section */

/* Begin PBXContainerItemProxy section */
		9DA9EB08184DABFA00EF35A5 /* PBXContainerItemProxy */ = {
			isa = PBXContainerItemProxy;
			containerPortal = 9DA9EADA184DABFA00EF35A5 /* Project object */;
			proxyType = 1;
			remoteGlobalIDString = 9DA9EAE1184DABFA00EF35A5;
			remoteInfo = job;
		};
/* End PBXContainerItemProxy section */

/* Begin PBXFileReference section */
		9DA9EAE2184DABFA00EF35A5 /* job.app */ = {isa = PBXFileReference; explicitFileType = wrapper.application; includeInIndex = 0; path = job.app; sourceTree = BUILT_PRODUCTS_DIR; };
		9DA9EAE5184DABFA00EF35A5 /* Foundation.framework */ = {isa = PBXFileReference; lastKnownFileType = wrapper.framework; name = Foundation.framework; path = System/Library/Frameworks/Foundation.framework; sourceTree = SDKROOT; };
		9DA9EAE7184DABFA00EF35A5 /* CoreGraphics.framework */ = {isa = PBXFileReference; lastKnownFileType = wrapper.framework; name = CoreGraphics.framework; path = System/Library/Frameworks/CoreGraphics.framework; sourceTree = SDKROOT; };
		9DA9EAE9184DABFA00EF35A5 /* UIKit.framework */ = {isa = PBXFileReference; lastKnownFileType = wrapper.framework; name = UIKit.framework; path = System/Library/Frameworks/UIKit.framework; sourceTree = SDKROOT; };
		9DA9EAED184DABFA00EF35A5 /* job-Info.plist */ = {isa = PBXFileReference; lastKnownFileType = text.plist.xml; path = "job-Info.plist"; sourceTree = "<group>"; };
		9DA9EAEF184DABFA00EF35A5 /* en */ = {isa = PBXFileReference; lastKnownFileType = text.plist.strings; name = en; path = en.lproj/InfoPlist.strings; sourceTree = "<group>"; };
		9DA9EAF1184DABFA00EF35A5 /* main.m */ = {isa = PBXFileReference; lastKnownFileType = sourcecode.c.objc; path = main.m; sourceTree = "<group>"; };
		9DA9EAF3184DABFA00EF35A5 /* job-Prefix.pch */ = {isa = PBXFileReference; lastKnownFileType = sourcecode.c.h; path = "job-Prefix.pch"; sourceTree = "<group>"; };
		9DA9EAF4184DABFA00EF35A5 /* AppDelegate.h */ = {isa = PBXFileReference; lastKnownFileType = sourcecode.c.h; path = AppDelegate.h; sourceTree = "<group>"; };
		9DA9EAF5184DABFA00EF35A5 /* AppDelegate.m */ = {isa = PBXFileReference; lastKnownFileType = sourcecode.c.objc; path = AppDelegate.m; sourceTree = "<group>"; };
		9DA9EAF8184DABFA00EF35A5 /* Base */ = {isa = PBXFileReference; lastKnownFileType = file.storyboard; name = Base; path = Base.lproj/Main.storyboard; sourceTree = "<group>"; };
		9DA9EAFA184DABFA00EF35A5 /* ViewController.h */ = {isa = PBXFileReference; lastKnownFileType = sourcecode.c.h; path = ViewController.h; sourceTree = "<group>"; };
		9DA9EAFB184DABFA00EF35A5 /* ViewController.m */ = {isa = PBXFileReference; lastKnownFileType = sourcecode.c.objc; path = ViewController.m; sourceTree = "<group>"; };
		9DA9EAFD184DABFA00EF35A5 /* Images.xcassets */ = {isa = PBXFileReference; lastKnownFileType = folder.assetcatalog; path = Images.xcassets; sourceTree = "<group>"; };
		9DA9EB03184DABFA00EF35A5 /* jobTests.xctest */ = {isa = PBXFileReference; explicitFileType = wrapper.cfbundle; includeInIndex = 0; path = jobTests.xctest; sourceTree = BUILT_PRODUCTS_DIR; };
		9DA9EB04184DABFA00EF35A5 /* XCTest.framework */ = {isa = PBXFileReference; lastKnownFileType = wrapper.framework; name = XCTest.framework; path = Library/Frameworks/XCTest.framework; sourceTree = DEVELOPER_DIR; };
		9DA9EB0C184DABFA00EF35A5 /* jobTests-Info.plist */ = {isa = PBXFileReference; lastKnownFileType = text.plist.xml; path = "jobTests-Info.plist"; sourceTree = "<group>"; };
		9DA9EB0E184DABFA00EF35A5 /* en */ = {isa = PBXFileReference; lastKnownFileType = text.plist.strings; name = en; path = en.lproj/InfoPlist.strings; sourceTree = "<group>"; };
		9DA9EB10184DABFA00EF35A5 /* jobTests.m */ = {isa = PBXFileReference; lastKnownFileType = sourcecode.c.objc; path = jobTests.m; sourceTree = "<group>"; };
/* End PBXFileReference section */

/* Begin PBXFrameworksBuildPhase section */
		9DA9EADF184DABFA00EF35A5 /* Frameworks */ = {
			isa = PBXFrameworksBuildPhase;
			buildActionMask = 2147483647;
			files = (
				9DA9EAE8184DABFA00EF35A5 /* CoreGraphics.framework in Frameworks */,
				9DA9EAEA184DABFA00EF35A5 /* UIKit.framework in Frameworks */,
				9DA9EAE6184DABFA00EF35A5 /* Foundation.framework in Frameworks */,
			);
			runOnlyForDeploymentPostprocessing = 0;
		};
		9DA9EB00184DABFA00EF35A5 /* Frameworks */ = {
			isa = PBXFrameworksBuildPhase;
			buildActionMask = 2147483647;
			files = (
				9DA9EB05184DABFA00EF35A5 /* XCTest.framework in Frameworks */,
				9DA9EB07184DABFA00EF35A5 /* UIKit.framework in Frameworks */,
				9DA9EB06184DABFA00EF35A5 /* Foundation.framework in Frameworks */,
			);
			runOnlyForDeploymentPostprocessing = 0;
		};
/* End PBXFrameworksBuildPhase section */

/* Begin PBXGroup section */
		9DA9EAD9184DABFA00EF35A5 = {
			isa = PBXGroup;
			children = (
				9DA9EAEB184DABFA00EF35A5 /* job */,
				9DA9EB0A184DABFA00EF35A5 /* jobTests */,
				9DA9EAE4184DABFA00EF35A5 /* Frameworks */,
				9DA9EAE3184DABFA00EF35A5 /* Products */,
			);
			sourceTree = "<group>";
		};
		9DA9EAE3184DABFA00EF35A5 /* Products */ = {
			isa = PBXGroup;
			children = (
				9DA9EAE2184DABFA00EF35A5 /* job.app */,
				9DA9EB03184DABFA00EF35A5 /* jobTests.xctest */,
			);
			name = Products;
			sourceTree = "<group>";
		};
		9DA9EAE4184DABFA00EF35A5 /* Frameworks */ = {
			isa = PBXGroup;
			children = (
				9DA9EAE5184DABFA00EF35A5 /* Foundation.framework */,
				9DA9EAE7184DABFA00EF35A5 /* CoreGraphics.framework */,
				9DA9EAE9184DABFA00EF35A5 /* UIKit.framework */,
				9DA9EB04184DABFA00EF35A5 /* XCTest.framework */,
			);
			name = Frameworks;
			sourceTree = "<group>";
		};
		9DA9EAEB184DABFA00EF35A5 /* job */ = {
			isa = PBXGroup;
			children = (
				9DA9EAF4184DABFA00EF35A5 /* AppDelegate.h */,
				9DA9EAF5184DABFA00EF35A5 /* AppDelegate.m */,
				9DA9EAF7184DABFA00EF35A5 /* Main.storyboard */,
				9DA9EAFA184DABFA00EF35A5 /* ViewController.h */,
				9DA9EAFB184DABFA00EF35A5 /* ViewController.m */,
				9DA9EAFD184DABFA00EF35A5 /* Images.xcassets */,
				9DA9EAEC184DABFA00EF35A5 /* Supporting Files */,
			);
			path = job;
			sourceTree = "<group>";
		};
		9DA9EAEC184DABFA00EF35A5 /* Supporting Files */ = {
			isa = PBXGroup;
			children = (
				9DA9EAED184DABFA00EF35A5 /* job-Info.plist */,
				9DA9EAEE184DABFA00EF35A5 /* InfoPlist.strings */,
				9DA9EAF1184DABFA00EF35A5 /* main.m */,
				9DA9EAF3184DABFA00EF35A5 /* job-Prefix.pch */,
			);
			name = "Supporting Files";
			sourceTree = "<group>";
		};
		9DA9EB0A184DABFA00EF35A5 /* jobTests */ = {
			isa = PBXGroup;
			children = (
				9DA9EB10184DABFA00EF35A5 /* jobTests.m */,
				9DA9EB0B184DABFA00EF35A5 /* Supporting Files */,
			);
			path = jobTests;
			sourceTree = "<group>";
		};
		9DA9EB0B184DABFA00EF35A5 /* Supporting Files */ = {
			isa = PBXGroup;
			children = (
				9DA9EB0C184DABFA00EF35A5 /* jobTests-Info.plist */,
				9DA9EB0D184DABFA00EF35A5 /* InfoPlist.strings */,
			);
			name = "Supporting Files";
			sourceTree = "<group>";
		};
/* End PBXGroup section */

/* Begin PBXNativeTarget section */
		9DA9EAE1184DABFA00EF35A5 /* job */ = {
			isa = PBXNativeTarget;
			buildConfigurationList = 9DA9EB14184DABFA00EF35A5 /* Build configuration list for PBXNativeTarget "job" */;
			buildPhases = (
				9DA9EADE184DABFA00EF35A5 /* Sources */,
				9DA9EADF184DABFA00EF35A5 /* Frameworks */,
				9DA9EAE0184DABFA00EF35A5 /* Resources */,
			);
			buildRules = (
			);
			dependencies = (
			);
			name = job;
			productName = job;
			productReference = 9DA9EAE2184DABFA00EF35A5 /* job.app */;
			productType = "com.apple.product-type.application";
		};
		9DA9EB02184DABFA00EF35A5 /* jobTests */ = {
			isa = PBXNativeTarget;
			buildConfigurationList = 9DA9EB17184DABFA00EF35A5 /* Build configuration list for PBXNativeTarget "jobTests" */;
			buildPhases = (
				9DA9EAFF184DABFA00EF35A5 /* Sources */,
				9DA9EB00184DABFA00EF35A5 /* Frameworks */,
				9DA9EB01184DABFA00EF35A5 /* Resources */,
			);
			buildRules = (
			);
			dependencies = (
				9DA9EB09184DABFA00EF35A5 /* PBXTargetDependency */,
			);
			name = jobTests;
			productName = jobTests;
			productReference = 9DA9EB03184DABFA00EF35A5 /* jobTests.xctest */;
			productType = "com.apple.product-type.bundle.unit-test";
		};
/* End PBXNativeTarget section */

/* Begin PBXProject section */
		9DA9EADA184DABFA00EF35A5 /* Project object */ = {
			isa = PBXProject;
			attributes = {
				LastUpgradeCheck = 0510;
				ORGANIZATIONNAME = impressly;
				TargetAttributes = {
					9DA9EB02184DABFA00EF35A5 = {
						TestTargetID = 9DA9EAE1184DABFA00EF35A5;
					};
				};
			};
			buildConfigurationList = 9DA9EADD184DABFA00EF35A5 /* Build configuration list for PBXProject "job" */;
			compatibilityVersion = "Xcode 3.2";
			developmentRegion = English;
			hasScannedForEncodings = 0;
			knownRegions = (
				en,
				Base,
			);
			mainGroup = 9DA9EAD9184DABFA00EF35A5;
			productRefGroup = 9DA9EAE3184DABFA00EF35A5 /* Products */;
			projectDirPath = "";
			projectRoot = "";
			targets = (
				9DA9EAE1184DABFA00EF35A5 /* job */,
				9DA9EB02184DABFA00EF35A5 /* jobTests */,
			);
		};
/* End PBXProject section */

/* Begin PBXResourcesBuildPhase section */
		9DA9EAE0184DABFA00EF35A5 /* Resources */ = {
			isa = PBXResourcesBuildPhase;
			buildActionMask = 2147483647;
			files = (
				9DA9EAFE184DABFA00EF35A5 /* Images.xcassets in Resources */,
				9DA9EAF0184DABFA00EF35A5 /* InfoPlist.strings in Resources */,
				9DA9EAF9184DABFA00EF35A5 /* Main.storyboard in Resources */,
			);
			runOnlyForDeploymentPostprocessing = 0;
		};
		9DA9EB01184DABFA00EF35A5 /* Resources */ = {
			isa = PBXResourcesBuildPhase;
			buildActionMask = 2147483647;
			files = (
				9DA9EB0F184DABFA00EF35A5 /* InfoPlist.strings in Resources */,
			);
			runOnlyForDeploymentPostprocessing = 0;
		};
/* End PBXResourcesBuildPhase section */

/* Begin PBXSourcesBuildPhase section */
		9DA9EADE184DABFA00EF35A5 /* Sources */ = {
			isa = PBXSourcesBuildPhase;
			buildActionMask = 2147483647;
			files = (
				9DA9EAFC184DABFA00EF35A5 /* ViewController.m in Sources */,
				9DA9EAF6184DABFA00EF35A5 /* AppDelegate.m in Sources */,
				9DA9EAF2184DABFA00EF35A5 /* main.m in Sources */,
			);
			runOnlyForDeploymentPostprocessing = 0;
		};
		9DA9EAFF184DABFA00EF35A5 /* Sources */ = {
			isa = PBXSourcesBuildPhase;
			buildActionMask = 2147483647;
			files = (
				9DA9EB11184DABFA00EF35A5 /* jobTests.m in Sources */,
			);
			runOnlyForDeploymentPostprocessing = 0;
		};
/* End PBXSourcesBuildPhase section */

/* Begin PBXTargetDependency section */
		9DA9EB09184DABFA00EF35A5 /* PBXTargetDependency */ = {
			isa = PBXTargetDependency;
			target = 9DA9EAE1184DABFA00EF35A5 /* job */;
			targetProxy = 9DA9EB08184DABFA00EF35A5 /* PBXContainerItemProxy */;
		};
/* End PBXTargetDependency section */

/* Begin PBXVariantGroup section */
		9DA9EAEE184DABFA00EF35A5 /* InfoPlist.strings */ = {
			isa = PBXVariantGroup;
			children = (
				9DA9EAEF184DABFA00EF35A5 /* en */,
			);
			name = InfoPlist.strings;
			sourceTree = "<group>";
		};
		9DA9EAF7184DABFA00EF35A5 /* Main.storyboard */ = {
			isa = PBXVariantGroup;
			children = (
				9DA9EAF8184DABFA00EF35A5 /* Base */,
			);
			name = Main.storyboard;
			sourceTree = "<group>";
		};
		9DA9EB0D184DABFA00EF35A5 /* InfoPlist.strings */ = {
			isa = PBXVariantGroup;
			children = (
				9DA9EB0E184DABFA00EF35A5 /* en */,
			);
			name = InfoPlist.strings;
			sourceTree = "<group>";
		};
/* End PBXVariantGroup section */

/* Begin XCBuildConfiguration section */
		9DA9EB12184DABFA00EF35A5 /* Debug */ = {
			isa = XCBuildConfiguration;
			buildSettings = {
				ALWAYS_SEARCH_USER_PATHS = NO;
				ARCHS = "$(ARCHS_STANDARD_INCLUDING_64_BIT)";
				CLANG_CXX_LANGUAGE_STANDARD = "gnu++0x";
				CLANG_CXX_LIBRARY = "libc++";
				CLANG_ENABLE_MODULES = YES;
				CLANG_ENABLE_OBJC_ARC = YES;
				CLANG_WARN_BOOL_CONVERSION = YES;
				CLANG_WARN_CONSTANT_CONVERSION = YES;
				CLANG_WARN_DIRECT_OBJC_ISA_USAGE = YES_ERROR;
				CLANG_WARN_EMPTY_BODY = YES;
				CLANG_WARN_ENUM_CONVERSION = YES;
				CLANG_WARN_INT_CONVERSION = YES;
				CLANG_WARN_OBJC_ROOT_CLASS = YES_ERROR;
				CLANG_WARN__DUPLICATE_METHOD_MATCH = YES;
				"CODE_SIGN_IDENTITY[sdk=iphoneos*]" = "iPhone Developer";
				COPY_PHASE_STRIP = NO;
				GCC_C_LANGUAGE_STANDARD = gnu99;
				GCC_DYNAMIC_NO_PIC = NO;
				GCC_OPTIMIZATION_LEVEL = 0;
				GCC_PREPROCESSOR_DEFINITIONS = (
					"DEBUG=1",
					"$(inherited)",
				);
				GCC_SYMBOLS_PRIVATE_EXTERN = NO;
				GCC_WARN_64_TO_32_BIT_CONVERSION = YES;
				GCC_WARN_ABOUT_RETURN_TYPE = YES_ERROR;
				GCC_WARN_UNDECLARED_SELECTOR = YES;
				GCC_WARN_UNINITIALIZED_AUTOS = YES_AGGRESSIVE;
				GCC_WARN_UNUSED_FUNCTION = YES;
				GCC_WARN_UNUSED_VARIABLE = YES;
				IPHONEOS_DEPLOYMENT_TARGET = 7.1;
				ONLY_ACTIVE_ARCH = YES;
				SDKROOT = iphoneos;
			};
			name = Debug;
		};
		9DA9EB13184DABFA00EF35A5 /* Release */ = {
			isa = XCBuildConfiguration;
			buildSettings = {
				ALWAYS_SEARCH_USER_PATHS = NO;
				ARCHS = "$(ARCHS_STANDARD_INCLUDING_64_BIT)";
				CLANG_CXX_LANGUAGE_STANDARD = "gnu++0x";
				CLANG_CXX_LIBRARY = "libc++";
				CLANG_ENABLE_MODULES = YES;
				CLANG_ENABLE_OBJC_ARC = YES;
				CLANG_WARN_BOOL_CONVERSION = YES;
				CLANG_WARN_CONSTANT_CONVERSION = YES;
				CLANG_WARN_DIRECT_OBJC_ISA_USAGE = YES_ERROR;
				CLANG_WARN_EMPTY_BODY = YES;
				CLANG_WARN_ENUM_CONVERSION = YES;
				CLANG_WARN_INT_CONVERSION = YES;
				CLANG_WARN_OBJC_ROOT_CLASS = YES_ERROR;
				CLANG_WARN__DUPLICATE_METHOD_MATCH = YES;
				"CODE_SIGN_IDENTITY[sdk=iphoneos*]" = "iPhone Developer";
				COPY_PHASE_STRIP = YES;
				ENABLE_NS_ASSERTIONS = NO;
				GCC_C_LANGUAGE_STANDARD = gnu99;
				GCC_WARN_64_TO_32_BIT_CONVERSION = YES;
				GCC_WARN_ABOUT_RETURN_TYPE = YES_ERROR;
				GCC_WARN_UNDECLARED_SELECTOR = YES;
				GCC_WARN_UNINITIALIZED_AUTOS = YES_AGGRESSIVE;
				GCC_WARN_UNUSED_FUNCTION = YES;
				GCC_WARN_UNUSED_VARIABLE = YES;
				IPHONEOS_DEPLOYMENT_TARGET = 7.1;
				SDKROOT = iphoneos;
				VALIDATE_PRODUCT = YES;
			};
			name = Release;
		};
		9DA9EB15184DABFA00EF35A5 /* Debug */ = {
			isa = XCBuildConfiguration;
			buildSettings = {
				ASSETCATALOG_COMPILER_APPICON_NAME = AppIcon;
				ASSETCATALOG_COMPILER_LAUNCHIMAGE_NAME = LaunchImage;
				GCC_PRECOMPILE_PREFIX_HEADER = YES;
				GCC_PREFIX_HEADER = "job/job-Prefix.pch";
				INFOPLIST_FILE = "job/job-Info.plist";
				PRODUCT_NAME = "$(TARGET_NAME)";
				WRAPPER_EXTENSION = app;
			};
			name = Debug;
		};
		9DA9EB16184DABFA00EF35A5 /* Release */ = {
			isa = XCBuildConfiguration;
			buildSettings = {
				ASSETCATALOG_COMPILER_APPICON_NAME = AppIcon;
				ASSETCATALOG_COMPILER_LAUNCHIMAGE_NAME = LaunchImage;
				GCC_PRECOMPILE_PREFIX_HEADER = YES;
				GCC_PREFIX_HEADER = "job/job-Prefix.pch";
				INFOPLIST_FILE = "job/job-Info.plist";
				PRODUCT_NAME = "$(TARGET_NAME)";
				WRAPPER_EXTENSION = app;
			};
			name = Release;
		};
		9DA9EB18184DABFA00EF35A5 /* Debug */ = {
			isa = XCBuildConfiguration;
			buildSettings = {
				ARCHS = "$(ARCHS_STANDARD_INCLUDING_64_BIT)";
				BUNDLE_LOADER = "$(BUILT_PRODUCTS_DIR)/job.app/job";
				FRAMEWORK_SEARCH_PATHS = (
					"$(SDKROOT)/Developer/Library/Frameworks",
					"$(inherited)",
					"$(DEVELOPER_FRAMEWORKS_DIR)",
				);
				GCC_PRECOMPILE_PREFIX_HEADER = YES;
				GCC_PREFIX_HEADER = "job/job-Prefix.pch";
				GCC_PREPROCESSOR_DEFINITIONS = (
					"DEBUG=1",
					"$(inherited)",
				);
				INFOPLIST_FILE = "jobTests/jobTests-Info.plist";
				PRODUCT_NAME = "$(TARGET_NAME)";
				TEST_HOST = "$(BUNDLE_LOADER)";
				WRAPPER_EXTENSION = xctest;
			};
			name = Debug;
		};
		9DA9EB19184DABFA00EF35A5 /* Release */ = {
			isa = XCBuildConfiguration;
			buildSettings = {
				ARCHS = "$(ARCHS_STANDARD_INCLUDING_64_BIT)";
				BUNDLE_LOADER = "$(BUILT_PRODUCTS_DIR)/job.app/job";
				FRAMEWORK_SEARCH_PATHS = (
					"$(SDKROOT)/Developer/Library/Frameworks",
					"$(inherited)",
					"$(DEVELOPER_FRAMEWORKS_DIR)",
				);
				GCC_PRECOMPILE_PREFIX_HEADER = YES;
				GCC_PREFIX_HEADER = "job/job-Prefix.pch";
				INFOPLIST_FILE = "jobTests/jobTests-Info.plist";
				PRODUCT_NAME = "$(TARGET_NAME)";
				TEST_HOST = "$(BUNDLE_LOADER)";
				WRAPPER_EXTENSION = xctest;
			};
			name = Release;
		};
/* End XCBuildConfiguration section */

/* Begin XCConfigurationList section */
		9DA9EADD184DABFA00EF35A5 /* Build configuration list for PBXProject "job" */ = {
			isa = XCConfigurationList;
			buildConfigurations = (
				9DA9EB12184DABFA00EF35A5 /* Debug */,
				9DA9EB13184DABFA00EF35A5 /* Release */,
			);
			defaultConfigurationIsVisible = 0;
			defaultConfigurationName = Release;
		};
		9DA9EB14184DABFA00EF35A5 /* Build configuration list for PBXNativeTarget "job" */ = {
			isa = XCConfigurationList;
			buildConfigurations = (
				9DA9EB15184DABFA00EF35A5 /* Debug */,
				9DA9EB16184DABFA00EF35A5 /* Release */,
			);
			defaultConfigurationIsVisible = 0;
		};
		9DA9EB17184DABFA00EF35A5 /* Build configuration list for PBXNativeTarget "jobTests" */ = {
			isa = XCConfigurationList;
			buildConfigurations = (
				9DA9EB18184DABFA00EF35A5 /* Debug */,
				9DA9EB19184DABFA00EF35A5 /* Release */,
			);
			defaultConfigurationIsVisible = 0;
		};
/* End XCConfigurationList section */
	};
	rootObject = 9DA9EADA184DABFA00EF35A5 /* Project object */;
}
